// !$*UTF8*$!
{
	archiveVersion = 1;
	classes = {
	};
	objectVersion = 56;
	objects = {

/* Begin PBXBuildFile section */
		BD0048502D390385008F817D /* Responsive.swift in Sources */ = {isa = PBXBuildFile; fileRef = BD00484F2D390385008F817D /* Responsive.swift */; };
		BD0E88562D2E39E2008B44EA /* HomeViewModel.swift in Sources */ = {isa = PBXBuildFile; fileRef = BD0E88552D2E39E2008B44EA /* HomeViewModel.swift */; };
		BD0E88582D2E39F3008B44EA /* HomeModel.swift in Sources */ = {isa = PBXBuildFile; fileRef = BD0E88572D2E39F3008B44EA /* HomeModel.swift */; };
		BD0E885A2D2E3D54008B44EA /* SearchBar.swift in Sources */ = {isa = PBXBuildFile; fileRef = BD0E88592D2E3D54008B44EA /* SearchBar.swift */; };
		BD0E885E2D2E61D5008B44EA /* MenuViewCell.swift in Sources */ = {isa = PBXBuildFile; fileRef = BD0E885D2D2E61D5008B44EA /* MenuViewCell.swift */; };
		BD0E88642D2E7E6D008B44EA /* MenuList.swift in Sources */ = {isa = PBXBuildFile; fileRef = BD0E88632D2E7E6D008B44EA /* MenuList.swift */; };
		BD0E88662D2E9075008B44EA /* FoodItemView.swift in Sources */ = {isa = PBXBuildFile; fileRef = BD0E88652D2E9075008B44EA /* FoodItemView.swift */; };
		BD0E88682D2E90BE008B44EA /* MenuListViewModel.swift in Sources */ = {isa = PBXBuildFile; fileRef = BD0E88672D2E90BE008B44EA /* MenuListViewModel.swift */; };
		BD0E886A2D2E90CD008B44EA /* MenuListModel.swift in Sources */ = {isa = PBXBuildFile; fileRef = BD0E88692D2E90CD008B44EA /* MenuListModel.swift */; };
		BD3361442D2B92E0008B1299 /* TextStyles.swift in Sources */ = {isa = PBXBuildFile; fileRef = BD3361432D2B92E0008B1299 /* TextStyles.swift */; };
		BD495F6C2D2C05C300257196 /* TabBarViewModel.swift in Sources */ = {isa = PBXBuildFile; fileRef = BD495F6B2D2C05C300257196 /* TabBarViewModel.swift */; };
		BD495F6E2D2C05D100257196 /* TabBarView.swift in Sources */ = {isa = PBXBuildFile; fileRef = BD495F6D2D2C05D100257196 /* TabBarView.swift */; };
		BD8848EB2D2CE7DF00B6DFEA /* TabBarModel.swift in Sources */ = {isa = PBXBuildFile; fileRef = BD8848EA2D2CE7DF00B6DFEA /* TabBarModel.swift */; };
		BD8848ED2D2CE8D900B6DFEA /* CustomTabBar.swift in Sources */ = {isa = PBXBuildFile; fileRef = BD8848EC2D2CE8D900B6DFEA /* CustomTabBar.swift */; };
		BD8848F62D2CF44600B6DFEA /* MenuView.swift in Sources */ = {isa = PBXBuildFile; fileRef = BD8848F52D2CF44600B6DFEA /* MenuView.swift */; };
		BD8848F92D2CF46800B6DFEA /* OffersView.swift in Sources */ = {isa = PBXBuildFile; fileRef = BD8848F82D2CF46800B6DFEA /* OffersView.swift */; };
		BD8848FC2D2CF47700B6DFEA /* HomeView.swift in Sources */ = {isa = PBXBuildFile; fileRef = BD8848FB2D2CF47700B6DFEA /* HomeView.swift */; };
		BD8848FF2D2CF49300B6DFEA /* ProfileView.swift in Sources */ = {isa = PBXBuildFile; fileRef = BD8848FE2D2CF49300B6DFEA /* ProfileView.swift */; };
		BD8849022D2CF4AA00B6DFEA /* MoreView.swift in Sources */ = {isa = PBXBuildFile; fileRef = BD8849012D2CF4AA00B6DFEA /* MoreView.swift */; };
		BD8849042D2D0D4100B6DFEA /* CustomHeaderView.swift in Sources */ = {isa = PBXBuildFile; fileRef = BD8849032D2D0D4100B6DFEA /* CustomHeaderView.swift */; };
		BD8849082D2D3ED000B6DFEA /* MenuViewModel.swift in Sources */ = {isa = PBXBuildFile; fileRef = BD8849072D2D3ED000B6DFEA /* MenuViewModel.swift */; };
		BD88490A2D2D3EE000B6DFEA /* MenuModel.swift in Sources */ = {isa = PBXBuildFile; fileRef = BD8849092D2D3EE000B6DFEA /* MenuModel.swift */; };
		BD88C8272D27F76800B008A1 /* ContentView.swift in Sources */ = {isa = PBXBuildFile; fileRef = BD88C8242D27F76800B008A1 /* ContentView.swift */; };
		BD88C8282D27F76800B008A1 /* FoodAppApp.swift in Sources */ = {isa = PBXBuildFile; fileRef = BD88C8252D27F76800B008A1 /* FoodAppApp.swift */; };
		BD88C8302D27F76E00B008A1 /* CustomNavigationButton.swift in Sources */ = {isa = PBXBuildFile; fileRef = BD88C82A2D27F76D00B008A1 /* CustomNavigationButton.swift */; };
		BD88C8312D27F76E00B008A1 /* CustomTextField.swift in Sources */ = {isa = PBXBuildFile; fileRef = BD88C82B2D27F76D00B008A1 /* CustomTextField.swift */; };
		BD88C8322D27F76E00B008A1 /* DidntReceiveLinkView.swift in Sources */ = {isa = PBXBuildFile; fileRef = BD88C82C2D27F76D00B008A1 /* DidntReceiveLinkView.swift */; };
		BD88C8332D27F76E00B008A1 /* SocialMediaButton.swift in Sources */ = {isa = PBXBuildFile; fileRef = BD88C82D2D27F76D00B008A1 /* SocialMediaButton.swift */; };
		BD88C83A2D27F77500B008A1 /* AppFonts.swift in Sources */ = {isa = PBXBuildFile; fileRef = BD88C8342D27F77500B008A1 /* AppFonts.swift */; };
		BD88C83B2D27F77500B008A1 /* AppStrings.swift in Sources */ = {isa = PBXBuildFile; fileRef = BD88C8352D27F77500B008A1 /* AppStrings.swift */; };
		BD88C83C2D27F77500B008A1 /* Color + Extention.swift in Sources */ = {isa = PBXBuildFile; fileRef = BD88C8362D27F77500B008A1 /* Color + Extention.swift */; };
		BD88C83D2D27F77500B008A1 /* ImageResources.swift in Sources */ = {isa = PBXBuildFile; fileRef = BD88C8372D27F77500B008A1 /* ImageResources.swift */; };
		BD88C83E2D27F77500B008A1 /* UI + Extention.swift in Sources */ = {isa = PBXBuildFile; fileRef = BD88C8382D27F77500B008A1 /* UI + Extention.swift */; };
		BD88C8712D27F78500B008A1 /* LoginView.swift in Sources */ = {isa = PBXBuildFile; fileRef = BD88C8412D27F78500B008A1 /* LoginView.swift */; };
		BD88C8722D27F78500B008A1 /* LoginViewModel.swift in Sources */ = {isa = PBXBuildFile; fileRef = BD88C8432D27F78500B008A1 /* LoginViewModel.swift */; };
		BD88C8732D27F78500B008A1 /* LoginMainView.swift in Sources */ = {isa = PBXBuildFile; fileRef = BD88C8462D27F78500B008A1 /* LoginMainView.swift */; };
		BD88C8742D27F78500B008A1 /* LoginMainViewModel.swift in Sources */ = {isa = PBXBuildFile; fileRef = BD88C8482D27F78500B008A1 /* LoginMainViewModel.swift */; };
		BD88C8752D27F78500B008A1 /* NewPasswordView.swift in Sources */ = {isa = PBXBuildFile; fileRef = BD88C84B2D27F78500B008A1 /* NewPasswordView.swift */; };
		BD88C8762D27F78500B008A1 /* NewPassordViewModel.swift in Sources */ = {isa = PBXBuildFile; fileRef = BD88C84D2D27F78500B008A1 /* NewPassordViewModel.swift */; };
		BD88C8772D27F78500B008A1 /* OtpView.swift in Sources */ = {isa = PBXBuildFile; fileRef = BD88C8502D27F78500B008A1 /* OtpView.swift */; };
		BD88C8782D27F78500B008A1 /* OTPViewModel.swift in Sources */ = {isa = PBXBuildFile; fileRef = BD88C8522D27F78500B008A1 /* OTPViewModel.swift */; };
		BD88C8792D27F78500B008A1 /* ResetPassView.swift in Sources */ = {isa = PBXBuildFile; fileRef = BD88C8552D27F78500B008A1 /* ResetPassView.swift */; };
		BD88C87A2D27F78500B008A1 /* ResetPassViewModel.swift in Sources */ = {isa = PBXBuildFile; fileRef = BD88C8572D27F78500B008A1 /* ResetPassViewModel.swift */; };
		BD88C87B2D27F78500B008A1 /* SignupView.swift in Sources */ = {isa = PBXBuildFile; fileRef = BD88C85A2D27F78500B008A1 /* SignupView.swift */; };
		BD88C87C2D27F78500B008A1 /* SignupViewModel.swift in Sources */ = {isa = PBXBuildFile; fileRef = BD88C85C2D27F78500B008A1 /* SignupViewModel.swift */; };
		BD88C87D2D27F78500B008A1 /* OnBordingModel.swift in Sources */ = {isa = PBXBuildFile; fileRef = BD88C8602D27F78500B008A1 /* OnBordingModel.swift */; };
		BD88C87E2D27F78500B008A1 /* OnBoardingView.swift in Sources */ = {isa = PBXBuildFile; fileRef = BD88C8622D27F78500B008A1 /* OnBoardingView.swift */; };
		BD88C87F2D27F78500B008A1 /* OnBordingViewModel.swift in Sources */ = {isa = PBXBuildFile; fileRef = BD88C8642D27F78500B008A1 /* OnBordingViewModel.swift */; };
		BD88C8802D27F78500B008A1 /* SplashModel.swift in Sources */ = {isa = PBXBuildFile; fileRef = BD88C8672D27F78500B008A1 /* SplashModel.swift */; };
		BD88C8812D27F78500B008A1 /* SplashScreen.swift in Sources */ = {isa = PBXBuildFile; fileRef = BD88C8692D27F78500B008A1 /* SplashScreen.swift */; };
		BD88C8822D27F78500B008A1 /* SplashViewModel.swift in Sources */ = {isa = PBXBuildFile; fileRef = BD88C86B2D27F78500B008A1 /* SplashViewModel.swift */; };
		BD88C8862D27F79600B008A1 /* Preview Assets.xcassets in Resources */ = {isa = PBXBuildFile; fileRef = BD88C8842D27F79600B008A1 /* Preview Assets.xcassets */; };
		BD88C8892D27F79C00B008A1 /* Assets.xcassets in Resources */ = {isa = PBXBuildFile; fileRef = BD88C8872D27F79C00B008A1 /* Assets.xcassets */; };
		BD88C8912D27F7A300B008A1 /* AuthRoute.swift in Sources */ = {isa = PBXBuildFile; fileRef = BD88C88A2D27F7A300B008A1 /* AuthRoute.swift */; };
		BD88C8922D27F7A300B008A1 /* MainRoute.swift in Sources */ = {isa = PBXBuildFile; fileRef = BD88C88B2D27F7A300B008A1 /* MainRoute.swift */; };
		BD88C8932D27F7A300B008A1 /* SplashRoute.swift in Sources */ = {isa = PBXBuildFile; fileRef = BD88C88C2D27F7A300B008A1 /* SplashRoute.swift */; };
		BD88C8942D27F7A300B008A1 /* NavigationService.swift in Sources */ = {isa = PBXBuildFile; fileRef = BD88C88E2D27F7A300B008A1 /* NavigationService.swift */; };
		BD88C8952D27F7A300B008A1 /* Routes.swift in Sources */ = {isa = PBXBuildFile; fileRef = BD88C88F2D27F7A300B008A1 /* Routes.swift */; };
		BD88C8992D2962E600B008A1 /* ValidationUtils.swift in Sources */ = {isa = PBXBuildFile; fileRef = BD88C8982D2962E600B008A1 /* ValidationUtils.swift */; };
		BD88C89B2D29639200B008A1 /* AlertView.swift in Sources */ = {isa = PBXBuildFile; fileRef = BD88C89A2D29639100B008A1 /* AlertView.swift */; };
		BDC1C9E42D2F8ABD00BD492B /* DropdownMenu.swift in Sources */ = {isa = PBXBuildFile; fileRef = BDC1C9E32D2F8ABD00BD492B /* DropdownMenu.swift */; };
		BDC1C9E62D2F8D3200BD492B /* SectionWithHeader.swift in Sources */ = {isa = PBXBuildFile; fileRef = BDC1C9E52D2F8D3200BD492B /* SectionWithHeader.swift */; };
		BDC1C9E82D2F8D8100BD492B /* TopCategoriesSection.swift in Sources */ = {isa = PBXBuildFile; fileRef = BDC1C9E72D2F8D8100BD492B /* TopCategoriesSection.swift */; };
		BDC1C9EA2D2F8E9800BD492B /* PopularRestaurantsSection.swift in Sources */ = {isa = PBXBuildFile; fileRef = BDC1C9E92D2F8E9800BD492B /* PopularRestaurantsSection.swift */; };
		BDC1C9EC2D2F930900BD492B /* MostPopularSection.swift in Sources */ = {isa = PBXBuildFile; fileRef = BDC1C9EB2D2F930900BD492B /* MostPopularSection.swift */; };
		BDC1C9EE2D2F935900BD492B /* RecentItemsSection.swift in Sources */ = {isa = PBXBuildFile; fileRef = BDC1C9ED2D2F935900BD492B /* RecentItemsSection.swift */; };
		BDC1C9F12D2FA96C00BD492B /* RatingStarView.swift in Sources */ = {isa = PBXBuildFile; fileRef = BDC1C9F02D2FA96C00BD492B /* RatingStarView.swift */; };
		BDC1C9F32D2FAA3800BD492B /* ProductCategory.swift in Sources */ = {isa = PBXBuildFile; fileRef = BDC1C9F22D2FAA3800BD492B /* ProductCategory.swift */; };
		BDC1C9F92D2FD69500BD492B /* MenuDetails.swift in Sources */ = {isa = PBXBuildFile; fileRef = BDC1C9F82D2FD69500BD492B /* MenuDetails.swift */; };
		BDE5AE272D377C29008ABA03 /* ProfileViewModel.swift in Sources */ = {isa = PBXBuildFile; fileRef = BDE5AE262D377C29008ABA03 /* ProfileViewModel.swift */; };
		BDE5AE292D377C35008ABA03 /* ProfileModel.swift in Sources */ = {isa = PBXBuildFile; fileRef = BDE5AE282D377C35008ABA03 /* ProfileModel.swift */; };
		BDE5AE2B2D378D37008ABA03 /* MenuDetailsViewModel.swift in Sources */ = {isa = PBXBuildFile; fileRef = BDE5AE2A2D378D37008ABA03 /* MenuDetailsViewModel.swift */; };
		BDE5AE2D2D3792CF008ABA03 /* MenuDetailModel.swift in Sources */ = {isa = PBXBuildFile; fileRef = BDE5AE2C2D3792CF008ABA03 /* MenuDetailModel.swift */; };
		BDE9DC812D3116F800BF6533 /* OffersViewModel.swift in Sources */ = {isa = PBXBuildFile; fileRef = BDE9DC802D3116F800BF6533 /* OffersViewModel.swift */; };
		BDE9DC832D31170500BF6533 /* OffersModel.swift in Sources */ = {isa = PBXBuildFile; fileRef = BDE9DC822D31170500BF6533 /* OffersModel.swift */; };
		BDE9DC852D311C4100BF6533 /* RestaurantCardView.swift in Sources */ = {isa = PBXBuildFile; fileRef = BDE9DC842D311C4100BF6533 /* RestaurantCardView.swift */; };
/* End PBXBuildFile section */

/* Begin PBXFileReference section */
		BD00484F2D390385008F817D /* Responsive.swift */ = {isa = PBXFileReference; lastKnownFileType = sourcecode.swift; path = Responsive.swift; sourceTree = "<group>"; };
		BD06326D2D22C1EC00571AE1 /* FoodApp.app */ = {isa = PBXFileReference; explicitFileType = wrapper.application; includeInIndex = 0; path = FoodApp.app; sourceTree = BUILT_PRODUCTS_DIR; };
		BD0E88552D2E39E2008B44EA /* HomeViewModel.swift */ = {isa = PBXFileReference; lastKnownFileType = sourcecode.swift; path = HomeViewModel.swift; sourceTree = "<group>"; };
		BD0E88572D2E39F3008B44EA /* HomeModel.swift */ = {isa = PBXFileReference; lastKnownFileType = sourcecode.swift; path = HomeModel.swift; sourceTree = "<group>"; };
		BD0E88592D2E3D54008B44EA /* SearchBar.swift */ = {isa = PBXFileReference; lastKnownFileType = sourcecode.swift; path = SearchBar.swift; sourceTree = "<group>"; };
		BD0E885D2D2E61D5008B44EA /* MenuViewCell.swift */ = {isa = PBXFileReference; lastKnownFileType = sourcecode.swift; path = MenuViewCell.swift; sourceTree = "<group>"; };
		BD0E88632D2E7E6D008B44EA /* MenuList.swift */ = {isa = PBXFileReference; lastKnownFileType = sourcecode.swift; path = MenuList.swift; sourceTree = "<group>"; };
		BD0E88652D2E9075008B44EA /* FoodItemView.swift */ = {isa = PBXFileReference; lastKnownFileType = sourcecode.swift; path = FoodItemView.swift; sourceTree = "<group>"; };
		BD0E88672D2E90BE008B44EA /* MenuListViewModel.swift */ = {isa = PBXFileReference; lastKnownFileType = sourcecode.swift; path = MenuListViewModel.swift; sourceTree = "<group>"; };
		BD0E88692D2E90CD008B44EA /* MenuListModel.swift */ = {isa = PBXFileReference; lastKnownFileType = sourcecode.swift; path = MenuListModel.swift; sourceTree = "<group>"; };
		BD3361432D2B92E0008B1299 /* TextStyles.swift */ = {isa = PBXFileReference; lastKnownFileType = sourcecode.swift; path = TextStyles.swift; sourceTree = "<group>"; };
		BD495F6B2D2C05C300257196 /* TabBarViewModel.swift */ = {isa = PBXFileReference; lastKnownFileType = sourcecode.swift; path = TabBarViewModel.swift; sourceTree = "<group>"; };
		BD495F6D2D2C05D100257196 /* TabBarView.swift */ = {isa = PBXFileReference; lastKnownFileType = sourcecode.swift; path = TabBarView.swift; sourceTree = "<group>"; };
		BD8848EA2D2CE7DF00B6DFEA /* TabBarModel.swift */ = {isa = PBXFileReference; lastKnownFileType = sourcecode.swift; path = TabBarModel.swift; sourceTree = "<group>"; };
		BD8848EC2D2CE8D900B6DFEA /* CustomTabBar.swift */ = {isa = PBXFileReference; lastKnownFileType = sourcecode.swift; path = CustomTabBar.swift; sourceTree = "<group>"; };
		BD8848F52D2CF44600B6DFEA /* MenuView.swift */ = {isa = PBXFileReference; lastKnownFileType = sourcecode.swift; path = MenuView.swift; sourceTree = "<group>"; };
		BD8848F82D2CF46800B6DFEA /* OffersView.swift */ = {isa = PBXFileReference; lastKnownFileType = sourcecode.swift; path = OffersView.swift; sourceTree = "<group>"; };
		BD8848FB2D2CF47700B6DFEA /* HomeView.swift */ = {isa = PBXFileReference; lastKnownFileType = sourcecode.swift; path = HomeView.swift; sourceTree = "<group>"; };
		BD8848FE2D2CF49300B6DFEA /* ProfileView.swift */ = {isa = PBXFileReference; lastKnownFileType = sourcecode.swift; path = ProfileView.swift; sourceTree = "<group>"; };
		BD8849012D2CF4AA00B6DFEA /* MoreView.swift */ = {isa = PBXFileReference; lastKnownFileType = sourcecode.swift; path = MoreView.swift; sourceTree = "<group>"; };
		BD8849032D2D0D4100B6DFEA /* CustomHeaderView.swift */ = {isa = PBXFileReference; lastKnownFileType = sourcecode.swift; path = CustomHeaderView.swift; sourceTree = "<group>"; };
		BD8849072D2D3ED000B6DFEA /* MenuViewModel.swift */ = {isa = PBXFileReference; lastKnownFileType = sourcecode.swift; path = MenuViewModel.swift; sourceTree = "<group>"; };
		BD8849092D2D3EE000B6DFEA /* MenuModel.swift */ = {isa = PBXFileReference; lastKnownFileType = sourcecode.swift; path = MenuModel.swift; sourceTree = "<group>"; };
		BD88C8242D27F76800B008A1 /* ContentView.swift */ = {isa = PBXFileReference; fileEncoding = 4; lastKnownFileType = sourcecode.swift; path = ContentView.swift; sourceTree = "<group>"; };
		BD88C8252D27F76800B008A1 /* FoodAppApp.swift */ = {isa = PBXFileReference; fileEncoding = 4; lastKnownFileType = sourcecode.swift; path = FoodAppApp.swift; sourceTree = "<group>"; };
		BD88C82A2D27F76D00B008A1 /* CustomNavigationButton.swift */ = {isa = PBXFileReference; fileEncoding = 4; lastKnownFileType = sourcecode.swift; path = CustomNavigationButton.swift; sourceTree = "<group>"; };
		BD88C82B2D27F76D00B008A1 /* CustomTextField.swift */ = {isa = PBXFileReference; fileEncoding = 4; lastKnownFileType = sourcecode.swift; path = CustomTextField.swift; sourceTree = "<group>"; };
		BD88C82C2D27F76D00B008A1 /* DidntReceiveLinkView.swift */ = {isa = PBXFileReference; fileEncoding = 4; lastKnownFileType = sourcecode.swift; path = DidntReceiveLinkView.swift; sourceTree = "<group>"; };
		BD88C82D2D27F76D00B008A1 /* SocialMediaButton.swift */ = {isa = PBXFileReference; fileEncoding = 4; lastKnownFileType = sourcecode.swift; path = SocialMediaButton.swift; sourceTree = "<group>"; };
		BD88C8342D27F77500B008A1 /* AppFonts.swift */ = {isa = PBXFileReference; fileEncoding = 4; lastKnownFileType = sourcecode.swift; path = AppFonts.swift; sourceTree = "<group>"; };
		BD88C8352D27F77500B008A1 /* AppStrings.swift */ = {isa = PBXFileReference; fileEncoding = 4; lastKnownFileType = sourcecode.swift; path = AppStrings.swift; sourceTree = "<group>"; };
		BD88C8362D27F77500B008A1 /* Color + Extention.swift */ = {isa = PBXFileReference; fileEncoding = 4; lastKnownFileType = sourcecode.swift; path = "Color + Extention.swift"; sourceTree = "<group>"; };
		BD88C8372D27F77500B008A1 /* ImageResources.swift */ = {isa = PBXFileReference; fileEncoding = 4; lastKnownFileType = sourcecode.swift; path = ImageResources.swift; sourceTree = "<group>"; };
		BD88C8382D27F77500B008A1 /* UI + Extention.swift */ = {isa = PBXFileReference; fileEncoding = 4; lastKnownFileType = sourcecode.swift; path = "UI + Extention.swift"; sourceTree = "<group>"; };
		BD88C8412D27F78500B008A1 /* LoginView.swift */ = {isa = PBXFileReference; fileEncoding = 4; lastKnownFileType = sourcecode.swift; path = LoginView.swift; sourceTree = "<group>"; };
		BD88C8432D27F78500B008A1 /* LoginViewModel.swift */ = {isa = PBXFileReference; fileEncoding = 4; lastKnownFileType = sourcecode.swift; path = LoginViewModel.swift; sourceTree = "<group>"; };
		BD88C8462D27F78500B008A1 /* LoginMainView.swift */ = {isa = PBXFileReference; fileEncoding = 4; lastKnownFileType = sourcecode.swift; path = LoginMainView.swift; sourceTree = "<group>"; };
		BD88C8482D27F78500B008A1 /* LoginMainViewModel.swift */ = {isa = PBXFileReference; fileEncoding = 4; lastKnownFileType = sourcecode.swift; path = LoginMainViewModel.swift; sourceTree = "<group>"; };
		BD88C84B2D27F78500B008A1 /* NewPasswordView.swift */ = {isa = PBXFileReference; fileEncoding = 4; lastKnownFileType = sourcecode.swift; path = NewPasswordView.swift; sourceTree = "<group>"; };
		BD88C84D2D27F78500B008A1 /* NewPassordViewModel.swift */ = {isa = PBXFileReference; fileEncoding = 4; lastKnownFileType = sourcecode.swift; path = NewPassordViewModel.swift; sourceTree = "<group>"; };
		BD88C8502D27F78500B008A1 /* OtpView.swift */ = {isa = PBXFileReference; fileEncoding = 4; lastKnownFileType = sourcecode.swift; path = OtpView.swift; sourceTree = "<group>"; };
		BD88C8522D27F78500B008A1 /* OTPViewModel.swift */ = {isa = PBXFileReference; fileEncoding = 4; lastKnownFileType = sourcecode.swift; path = OTPViewModel.swift; sourceTree = "<group>"; };
		BD88C8552D27F78500B008A1 /* ResetPassView.swift */ = {isa = PBXFileReference; fileEncoding = 4; lastKnownFileType = sourcecode.swift; path = ResetPassView.swift; sourceTree = "<group>"; };
		BD88C8572D27F78500B008A1 /* ResetPassViewModel.swift */ = {isa = PBXFileReference; fileEncoding = 4; lastKnownFileType = sourcecode.swift; path = ResetPassViewModel.swift; sourceTree = "<group>"; };
		BD88C85A2D27F78500B008A1 /* SignupView.swift */ = {isa = PBXFileReference; fileEncoding = 4; lastKnownFileType = sourcecode.swift; path = SignupView.swift; sourceTree = "<group>"; };
		BD88C85C2D27F78500B008A1 /* SignupViewModel.swift */ = {isa = PBXFileReference; fileEncoding = 4; lastKnownFileType = sourcecode.swift; path = SignupViewModel.swift; sourceTree = "<group>"; };
		BD88C8602D27F78500B008A1 /* OnBordingModel.swift */ = {isa = PBXFileReference; fileEncoding = 4; lastKnownFileType = sourcecode.swift; path = OnBordingModel.swift; sourceTree = "<group>"; };
		BD88C8622D27F78500B008A1 /* OnBoardingView.swift */ = {isa = PBXFileReference; fileEncoding = 4; lastKnownFileType = sourcecode.swift; path = OnBoardingView.swift; sourceTree = "<group>"; };
		BD88C8642D27F78500B008A1 /* OnBordingViewModel.swift */ = {isa = PBXFileReference; fileEncoding = 4; lastKnownFileType = sourcecode.swift; path = OnBordingViewModel.swift; sourceTree = "<group>"; };
		BD88C8672D27F78500B008A1 /* SplashModel.swift */ = {isa = PBXFileReference; fileEncoding = 4; lastKnownFileType = sourcecode.swift; path = SplashModel.swift; sourceTree = "<group>"; };
		BD88C8692D27F78500B008A1 /* SplashScreen.swift */ = {isa = PBXFileReference; fileEncoding = 4; lastKnownFileType = sourcecode.swift; path = SplashScreen.swift; sourceTree = "<group>"; };
		BD88C86B2D27F78500B008A1 /* SplashViewModel.swift */ = {isa = PBXFileReference; fileEncoding = 4; lastKnownFileType = sourcecode.swift; path = SplashViewModel.swift; sourceTree = "<group>"; };
		BD88C8842D27F79600B008A1 /* Preview Assets.xcassets */ = {isa = PBXFileReference; lastKnownFileType = folder.assetcatalog; path = "Preview Assets.xcassets"; sourceTree = "<group>"; };
		BD88C8872D27F79C00B008A1 /* Assets.xcassets */ = {isa = PBXFileReference; lastKnownFileType = folder.assetcatalog; path = Assets.xcassets; sourceTree = "<group>"; };
		BD88C88A2D27F7A300B008A1 /* AuthRoute.swift */ = {isa = PBXFileReference; fileEncoding = 4; lastKnownFileType = sourcecode.swift; path = AuthRoute.swift; sourceTree = "<group>"; };
		BD88C88B2D27F7A300B008A1 /* MainRoute.swift */ = {isa = PBXFileReference; fileEncoding = 4; lastKnownFileType = sourcecode.swift; path = MainRoute.swift; sourceTree = "<group>"; };
		BD88C88C2D27F7A300B008A1 /* SplashRoute.swift */ = {isa = PBXFileReference; fileEncoding = 4; lastKnownFileType = sourcecode.swift; path = SplashRoute.swift; sourceTree = "<group>"; };
		BD88C88E2D27F7A300B008A1 /* NavigationService.swift */ = {isa = PBXFileReference; fileEncoding = 4; lastKnownFileType = sourcecode.swift; path = NavigationService.swift; sourceTree = "<group>"; };
		BD88C88F2D27F7A300B008A1 /* Routes.swift */ = {isa = PBXFileReference; fileEncoding = 4; lastKnownFileType = sourcecode.swift; path = Routes.swift; sourceTree = "<group>"; };
		BD88C8962D27FAD100B008A1 /* Info.plist */ = {isa = PBXFileReference; lastKnownFileType = text.plist; path = Info.plist; sourceTree = "<group>"; };
		BD88C8982D2962E600B008A1 /* ValidationUtils.swift */ = {isa = PBXFileReference; lastKnownFileType = sourcecode.swift; path = ValidationUtils.swift; sourceTree = "<group>"; };
		BD88C89A2D29639100B008A1 /* AlertView.swift */ = {isa = PBXFileReference; lastKnownFileType = sourcecode.swift; path = AlertView.swift; sourceTree = "<group>"; };
		BDC1C9E32D2F8ABD00BD492B /* DropdownMenu.swift */ = {isa = PBXFileReference; lastKnownFileType = sourcecode.swift; path = DropdownMenu.swift; sourceTree = "<group>"; };
		BDC1C9E52D2F8D3200BD492B /* SectionWithHeader.swift */ = {isa = PBXFileReference; lastKnownFileType = sourcecode.swift; path = SectionWithHeader.swift; sourceTree = "<group>"; };
		BDC1C9E72D2F8D8100BD492B /* TopCategoriesSection.swift */ = {isa = PBXFileReference; lastKnownFileType = sourcecode.swift; path = TopCategoriesSection.swift; sourceTree = "<group>"; };
		BDC1C9E92D2F8E9800BD492B /* PopularRestaurantsSection.swift */ = {isa = PBXFileReference; lastKnownFileType = sourcecode.swift; path = PopularRestaurantsSection.swift; sourceTree = "<group>"; };
		BDC1C9EB2D2F930900BD492B /* MostPopularSection.swift */ = {isa = PBXFileReference; lastKnownFileType = sourcecode.swift; path = MostPopularSection.swift; sourceTree = "<group>"; };
		BDC1C9ED2D2F935900BD492B /* RecentItemsSection.swift */ = {isa = PBXFileReference; lastKnownFileType = sourcecode.swift; name = RecentItemsSection.swift; path = "../New Group/RecentItemsSection.swift"; sourceTree = "<group>"; };
		BDC1C9F02D2FA96C00BD492B /* RatingStarView.swift */ = {isa = PBXFileReference; lastKnownFileType = sourcecode.swift; path = RatingStarView.swift; sourceTree = "<group>"; };
		BDC1C9F22D2FAA3800BD492B /* ProductCategory.swift */ = {isa = PBXFileReference; lastKnownFileType = sourcecode.swift; path = ProductCategory.swift; sourceTree = "<group>"; };
		BDC1C9F82D2FD69500BD492B /* MenuDetails.swift */ = {isa = PBXFileReference; lastKnownFileType = sourcecode.swift; path = MenuDetails.swift; sourceTree = "<group>"; };
		BDE5AE262D377C29008ABA03 /* ProfileViewModel.swift */ = {isa = PBXFileReference; lastKnownFileType = sourcecode.swift; path = ProfileViewModel.swift; sourceTree = "<group>"; };
		BDE5AE282D377C35008ABA03 /* ProfileModel.swift */ = {isa = PBXFileReference; lastKnownFileType = sourcecode.swift; path = ProfileModel.swift; sourceTree = "<group>"; };
		BDE5AE2A2D378D37008ABA03 /* MenuDetailsViewModel.swift */ = {isa = PBXFileReference; lastKnownFileType = sourcecode.swift; path = MenuDetailsViewModel.swift; sourceTree = "<group>"; };
		BDE5AE2C2D3792CF008ABA03 /* MenuDetailModel.swift */ = {isa = PBXFileReference; lastKnownFileType = sourcecode.swift; path = MenuDetailModel.swift; sourceTree = "<group>"; };
		BDE9DC802D3116F800BF6533 /* OffersViewModel.swift */ = {isa = PBXFileReference; lastKnownFileType = sourcecode.swift; path = OffersViewModel.swift; sourceTree = "<group>"; };
		BDE9DC822D31170500BF6533 /* OffersModel.swift */ = {isa = PBXFileReference; lastKnownFileType = sourcecode.swift; path = OffersModel.swift; sourceTree = "<group>"; };
		BDE9DC842D311C4100BF6533 /* RestaurantCardView.swift */ = {isa = PBXFileReference; lastKnownFileType = sourcecode.swift; path = RestaurantCardView.swift; sourceTree = "<group>"; };
/* End PBXFileReference section */

/* Begin PBXFrameworksBuildPhase section */
		BD06326A2D22C1EC00571AE1 /* Frameworks */ = {
			isa = PBXFrameworksBuildPhase;
			buildActionMask = 2147483647;
			files = (
			);
			runOnlyForDeploymentPostprocessing = 0;
		};
/* End PBXFrameworksBuildPhase section */

/* Begin PBXGroup section */
		BD0632642D22C1EC00571AE1 = {
			isa = PBXGroup;
			children = (
				BD06326F2D22C1EC00571AE1 /* FoodApp */,
				BD06326E2D22C1EC00571AE1 /* Products */,
			);
			sourceTree = "<group>";
		};
		BD06326E2D22C1EC00571AE1 /* Products */ = {
			isa = PBXGroup;
			children = (
				BD06326D2D22C1EC00571AE1 /* FoodApp.app */,
			);
			name = Products;
			sourceTree = "<group>";
		};
		BD06326F2D22C1EC00571AE1 /* FoodApp */ = {
			isa = PBXGroup;
			children = (
				BD88C8972D2962D400B008A1 /* Uitility */,
				BD88C8962D27FAD100B008A1 /* Info.plist */,
				BD88C8852D27F79600B008A1 /* Preview Content */,
				BD88C8702D27F78500B008A1 /* Module */,
				BD88C8392D27F77500B008A1 /* Helper */,
				BD88C82E2D27F76D00B008A1 /* CommonComponent */,
				BD88C8882D27F79C00B008A1 /* Resource */,
				BD88C8902D27F7A300B008A1 /* Services */,
				BD88C8262D27F76800B008A1 /* App */,
			);
			path = FoodApp;
			sourceTree = "<group>";
		};
		BD0E88532D2E39CD008B44EA /* ViewModel */ = {
			isa = PBXGroup;
			children = (
				BD0E88552D2E39E2008B44EA /* HomeViewModel.swift */,
			);
			path = ViewModel;
			sourceTree = "<group>";
		};
		BD0E88542D2E39D4008B44EA /* Model */ = {
			isa = PBXGroup;
			children = (
				BD0E88572D2E39F3008B44EA /* HomeModel.swift */,
			);
			path = Model;
			sourceTree = "<group>";
		};
		BD0E885F2D2E7D8E008B44EA /* MenuList */ = {
			isa = PBXGroup;
			children = (
				BD0E88622D2E7DEA008B44EA /* Model */,
				BD0E88612D2E7DDF008B44EA /* ViewModel */,
				BD0E88602D2E7DD6008B44EA /* View */,
			);
			path = MenuList;
			sourceTree = "<group>";
		};
		BD0E88602D2E7DD6008B44EA /* View */ = {
			isa = PBXGroup;
			children = (
				BD0E88632D2E7E6D008B44EA /* MenuList.swift */,
				BD0E88652D2E9075008B44EA /* FoodItemView.swift */,
			);
			path = View;
			sourceTree = "<group>";
		};
		BD0E88612D2E7DDF008B44EA /* ViewModel */ = {
			isa = PBXGroup;
			children = (
				BD0E88672D2E90BE008B44EA /* MenuListViewModel.swift */,
			);
			path = ViewModel;
			sourceTree = "<group>";
		};
		BD0E88622D2E7DEA008B44EA /* Model */ = {
			isa = PBXGroup;
			children = (
				BD0E88692D2E90CD008B44EA /* MenuListModel.swift */,
			);
			path = Model;
			sourceTree = "<group>";
		};
		BD495F692D2C05A100257196 /* ViewModel */ = {
			isa = PBXGroup;
			children = (
				BD495F6B2D2C05C300257196 /* TabBarViewModel.swift */,
			);
			path = ViewModel;
			sourceTree = "<group>";
		};
		BD495F6A2D2C05A900257196 /* View */ = {
			isa = PBXGroup;
			children = (
				BD495F6D2D2C05D100257196 /* TabBarView.swift */,
				BD8848EC2D2CE8D900B6DFEA /* CustomTabBar.swift */,
			);
			path = View;
			sourceTree = "<group>";
		};
		BD8848E92D2CE7CF00B6DFEA /* Model */ = {
			isa = PBXGroup;
			children = (
				BD8848EA2D2CE7DF00B6DFEA /* TabBarModel.swift */,
			);
			path = Model;
			sourceTree = "<group>";
		};
		BD8848EE2D2CF39200B6DFEA /* MainViews */ = {
			isa = PBXGroup;
			children = (
				BD8848F32D2CF3FB00B6DFEA /* More */,
				BD8848F22D2CF3F500B6DFEA /* Profile */,
				BD8848F12D2CF3EC00B6DFEA /* Home */,
				BD8848F02D2CF3E800B6DFEA /* Offers */,
				BD8848EF2D2CF3DC00B6DFEA /* Menu */,
				BD0E885F2D2E7D8E008B44EA /* MenuList */,
				BDC1C9F42D2FCF7200BD492B /* MenuDetails */,
				BD88C86F2D27F78500B008A1 /* TabView */,
			);
			path = MainViews;
			sourceTree = "<group>";
		};
		BD8848EF2D2CF3DC00B6DFEA /* Menu */ = {
			isa = PBXGroup;
			children = (
				BD8849062D2D3EAB00B6DFEA /* ViewModel */,
				BD8849052D2D3EA600B6DFEA /* Model */,
				BD8848F42D2CF42F00B6DFEA /* View */,
			);
			path = Menu;
			sourceTree = "<group>";
		};
		BD8848F02D2CF3E800B6DFEA /* Offers */ = {
			isa = PBXGroup;
			children = (
				BDE9DC7F2D3116E800BF6533 /* ViewModel */,
				BDE9DC7E2D3116E300BF6533 /* Model */,
				BD8848F72D2CF45D00B6DFEA /* View */,
			);
			path = Offers;
			sourceTree = "<group>";
		};
		BD8848F12D2CF3EC00B6DFEA /* Home */ = {
			isa = PBXGroup;
			children = (
				BDC1C9EF2D2F944E00BD492B /* Section */,
				BD0E88542D2E39D4008B44EA /* Model */,
				BD0E88532D2E39CD008B44EA /* ViewModel */,
				BD8848FA2D2CF46D00B6DFEA /* View */,
			);
			path = Home;
			sourceTree = "<group>";
		};
		BD8848F22D2CF3F500B6DFEA /* Profile */ = {
			isa = PBXGroup;
			children = (
				BDE5AE252D377B82008ABA03 /* Model */,
				BDE5AE242D377B7B008ABA03 /* ViewModel */,
				BD8848FD2D2CF48600B6DFEA /* View */,
			);
			path = Profile;
			sourceTree = "<group>";
		};
		BD8848F32D2CF3FB00B6DFEA /* More */ = {
			isa = PBXGroup;
			children = (
				BD8849002D2CF49A00B6DFEA /* View */,
			);
			path = More;
			sourceTree = "<group>";
		};
		BD8848F42D2CF42F00B6DFEA /* View */ = {
			isa = PBXGroup;
			children = (
				BD8848F52D2CF44600B6DFEA /* MenuView.swift */,
				BD0E885D2D2E61D5008B44EA /* MenuViewCell.swift */,
			);
			path = View;
			sourceTree = "<group>";
		};
		BD8848F72D2CF45D00B6DFEA /* View */ = {
			isa = PBXGroup;
			children = (
				BD8848F82D2CF46800B6DFEA /* OffersView.swift */,
				BDE9DC842D311C4100BF6533 /* RestaurantCardView.swift */,
			);
			path = View;
			sourceTree = "<group>";
		};
		BD8848FA2D2CF46D00B6DFEA /* View */ = {
			isa = PBXGroup;
			children = (
				BD8848FB2D2CF47700B6DFEA /* HomeView.swift */,
			);
			path = View;
			sourceTree = "<group>";
		};
		BD8848FD2D2CF48600B6DFEA /* View */ = {
			isa = PBXGroup;
			children = (
				BD8848FE2D2CF49300B6DFEA /* ProfileView.swift */,
			);
			path = View;
			sourceTree = "<group>";
		};
		BD8849002D2CF49A00B6DFEA /* View */ = {
			isa = PBXGroup;
			children = (
				BD8849012D2CF4AA00B6DFEA /* MoreView.swift */,
			);
			path = View;
			sourceTree = "<group>";
		};
		BD8849052D2D3EA600B6DFEA /* Model */ = {
			isa = PBXGroup;
			children = (
				BD8849092D2D3EE000B6DFEA /* MenuModel.swift */,
			);
			path = Model;
			sourceTree = "<group>";
		};
		BD8849062D2D3EAB00B6DFEA /* ViewModel */ = {
			isa = PBXGroup;
			children = (
				BD8849072D2D3ED000B6DFEA /* MenuViewModel.swift */,
			);
			path = ViewModel;
			sourceTree = "<group>";
		};
		BD88C8262D27F76800B008A1 /* App */ = {
			isa = PBXGroup;
			children = (
				BD88C8242D27F76800B008A1 /* ContentView.swift */,
				BD88C8252D27F76800B008A1 /* FoodAppApp.swift */,
			);
			path = App;
			sourceTree = "<group>";
		};
		BD88C82E2D27F76D00B008A1 /* CommonComponent */ = {
			isa = PBXGroup;
			children = (
				BD88C82A2D27F76D00B008A1 /* CustomNavigationButton.swift */,
				BD88C82B2D27F76D00B008A1 /* CustomTextField.swift */,
				BD88C82C2D27F76D00B008A1 /* DidntReceiveLinkView.swift */,
				BD88C82D2D27F76D00B008A1 /* SocialMediaButton.swift */,
				BD88C89A2D29639100B008A1 /* AlertView.swift */,
				BD8849032D2D0D4100B6DFEA /* CustomHeaderView.swift */,
				BD0E88592D2E3D54008B44EA /* SearchBar.swift */,
				BDC1C9E32D2F8ABD00BD492B /* DropdownMenu.swift */,
				BDC1C9F02D2FA96C00BD492B /* RatingStarView.swift */,
				BDC1C9F22D2FAA3800BD492B /* ProductCategory.swift */,
				BD00484F2D390385008F817D /* Responsive.swift */,
			);
			path = CommonComponent;
			sourceTree = "<group>";
		};
		BD88C8392D27F77500B008A1 /* Helper */ = {
			isa = PBXGroup;
			children = (
				BD88C8342D27F77500B008A1 /* AppFonts.swift */,
				BD88C8352D27F77500B008A1 /* AppStrings.swift */,
				BD88C8362D27F77500B008A1 /* Color + Extention.swift */,
				BD88C8372D27F77500B008A1 /* ImageResources.swift */,
				BD88C8382D27F77500B008A1 /* UI + Extention.swift */,
				BD3361432D2B92E0008B1299 /* TextStyles.swift */,
			);
			path = Helper;
			sourceTree = "<group>";
		};
		BD88C8422D27F78500B008A1 /* View */ = {
			isa = PBXGroup;
			children = (
				BD88C8412D27F78500B008A1 /* LoginView.swift */,
			);
			path = View;
			sourceTree = "<group>";
		};
		BD88C8442D27F78500B008A1 /* ViewModel */ = {
			isa = PBXGroup;
			children = (
				BD88C8432D27F78500B008A1 /* LoginViewModel.swift */,
			);
			path = ViewModel;
			sourceTree = "<group>";
		};
		BD88C8452D27F78500B008A1 /* Login */ = {
			isa = PBXGroup;
			children = (
				BD88C8422D27F78500B008A1 /* View */,
				BD88C8442D27F78500B008A1 /* ViewModel */,
			);
			path = Login;
			sourceTree = "<group>";
		};
		BD88C8472D27F78500B008A1 /* View */ = {
			isa = PBXGroup;
			children = (
				BD88C8462D27F78500B008A1 /* LoginMainView.swift */,
			);
			path = View;
			sourceTree = "<group>";
		};
		BD88C8492D27F78500B008A1 /* ViewModel */ = {
			isa = PBXGroup;
			children = (
				BD88C8482D27F78500B008A1 /* LoginMainViewModel.swift */,
			);
			path = ViewModel;
			sourceTree = "<group>";
		};
		BD88C84A2D27F78500B008A1 /* LoginMain */ = {
			isa = PBXGroup;
			children = (
				BD88C8472D27F78500B008A1 /* View */,
				BD88C8492D27F78500B008A1 /* ViewModel */,
			);
			path = LoginMain;
			sourceTree = "<group>";
		};
		BD88C84C2D27F78500B008A1 /* View */ = {
			isa = PBXGroup;
			children = (
				BD88C84B2D27F78500B008A1 /* NewPasswordView.swift */,
			);
			path = View;
			sourceTree = "<group>";
		};
		BD88C84E2D27F78500B008A1 /* ViewModel */ = {
			isa = PBXGroup;
			children = (
				BD88C84D2D27F78500B008A1 /* NewPassordViewModel.swift */,
			);
			path = ViewModel;
			sourceTree = "<group>";
		};
		BD88C84F2D27F78500B008A1 /* NewPassword */ = {
			isa = PBXGroup;
			children = (
				BD88C84C2D27F78500B008A1 /* View */,
				BD88C84E2D27F78500B008A1 /* ViewModel */,
			);
			path = NewPassword;
			sourceTree = "<group>";
		};
		BD88C8512D27F78500B008A1 /* View */ = {
			isa = PBXGroup;
			children = (
				BD88C8502D27F78500B008A1 /* OtpView.swift */,
			);
			path = View;
			sourceTree = "<group>";
		};
		BD88C8532D27F78500B008A1 /* ViewModel */ = {
			isa = PBXGroup;
			children = (
				BD88C8522D27F78500B008A1 /* OTPViewModel.swift */,
			);
			path = ViewModel;
			sourceTree = "<group>";
		};
		BD88C8542D27F78500B008A1 /* OtpView */ = {
			isa = PBXGroup;
			children = (
				BD88C8512D27F78500B008A1 /* View */,
				BD88C8532D27F78500B008A1 /* ViewModel */,
			);
			path = OtpView;
			sourceTree = "<group>";
		};
		BD88C8562D27F78500B008A1 /* View */ = {
			isa = PBXGroup;
			children = (
				BD88C8552D27F78500B008A1 /* ResetPassView.swift */,
			);
			path = View;
			sourceTree = "<group>";
		};
		BD88C8582D27F78500B008A1 /* ViewModel */ = {
			isa = PBXGroup;
			children = (
				BD88C8572D27F78500B008A1 /* ResetPassViewModel.swift */,
			);
			path = ViewModel;
			sourceTree = "<group>";
		};
		BD88C8592D27F78500B008A1 /* ResetPassword */ = {
			isa = PBXGroup;
			children = (
				BD88C8562D27F78500B008A1 /* View */,
				BD88C8582D27F78500B008A1 /* ViewModel */,
			);
			path = ResetPassword;
			sourceTree = "<group>";
		};
		BD88C85B2D27F78500B008A1 /* View */ = {
			isa = PBXGroup;
			children = (
				BD88C85A2D27F78500B008A1 /* SignupView.swift */,
			);
			path = View;
			sourceTree = "<group>";
		};
		BD88C85D2D27F78500B008A1 /* ViewModel */ = {
			isa = PBXGroup;
			children = (
				BD88C85C2D27F78500B008A1 /* SignupViewModel.swift */,
			);
			path = ViewModel;
			sourceTree = "<group>";
		};
		BD88C85E2D27F78500B008A1 /* Signup */ = {
			isa = PBXGroup;
			children = (
				BD88C85B2D27F78500B008A1 /* View */,
				BD88C85D2D27F78500B008A1 /* ViewModel */,
			);
			path = Signup;
			sourceTree = "<group>";
		};
		BD88C85F2D27F78500B008A1 /* Auth */ = {
			isa = PBXGroup;
			children = (
				BD88C84A2D27F78500B008A1 /* LoginMain */,
				BD88C8452D27F78500B008A1 /* Login */,
				BD88C85E2D27F78500B008A1 /* Signup */,
				BD88C8592D27F78500B008A1 /* ResetPassword */,
				BD88C8542D27F78500B008A1 /* OtpView */,
				BD88C84F2D27F78500B008A1 /* NewPassword */,
			);
			path = Auth;
			sourceTree = "<group>";
		};
		BD88C8612D27F78500B008A1 /* Model */ = {
			isa = PBXGroup;
			children = (
				BD88C8602D27F78500B008A1 /* OnBordingModel.swift */,
			);
			path = Model;
			sourceTree = "<group>";
		};
		BD88C8632D27F78500B008A1 /* View */ = {
			isa = PBXGroup;
			children = (
				BD88C8622D27F78500B008A1 /* OnBoardingView.swift */,
			);
			path = View;
			sourceTree = "<group>";
		};
		BD88C8652D27F78500B008A1 /* ViewModel */ = {
			isa = PBXGroup;
			children = (
				BD88C8642D27F78500B008A1 /* OnBordingViewModel.swift */,
			);
			path = ViewModel;
			sourceTree = "<group>";
		};
		BD88C8662D27F78500B008A1 /* OnBording */ = {
			isa = PBXGroup;
			children = (
				BD88C8612D27F78500B008A1 /* Model */,
				BD88C8632D27F78500B008A1 /* View */,
				BD88C8652D27F78500B008A1 /* ViewModel */,
			);
			path = OnBording;
			sourceTree = "<group>";
		};
		BD88C8682D27F78500B008A1 /* Model */ = {
			isa = PBXGroup;
			children = (
				BD88C8672D27F78500B008A1 /* SplashModel.swift */,
			);
			path = Model;
			sourceTree = "<group>";
		};
		BD88C86A2D27F78500B008A1 /* View */ = {
			isa = PBXGroup;
			children = (
				BD88C8692D27F78500B008A1 /* SplashScreen.swift */,
			);
			path = View;
			sourceTree = "<group>";
		};
		BD88C86C2D27F78500B008A1 /* ViewModel */ = {
			isa = PBXGroup;
			children = (
				BD88C86B2D27F78500B008A1 /* SplashViewModel.swift */,
			);
			path = ViewModel;
			sourceTree = "<group>";
		};
		BD88C86D2D27F78500B008A1 /* Splash */ = {
			isa = PBXGroup;
			children = (
				BD88C8682D27F78500B008A1 /* Model */,
				BD88C86A2D27F78500B008A1 /* View */,
				BD88C86C2D27F78500B008A1 /* ViewModel */,
			);
			path = Splash;
			sourceTree = "<group>";
		};
		BD88C86F2D27F78500B008A1 /* TabView */ = {
			isa = PBXGroup;
			children = (
				BD8848E92D2CE7CF00B6DFEA /* Model */,
				BD495F6A2D2C05A900257196 /* View */,
				BD495F692D2C05A100257196 /* ViewModel */,
			);
			path = TabView;
			sourceTree = "<group>";
		};
		BD88C8702D27F78500B008A1 /* Module */ = {
			isa = PBXGroup;
			children = (
				BD88C86D2D27F78500B008A1 /* Splash */,
				BD88C8662D27F78500B008A1 /* OnBording */,
				BD88C85F2D27F78500B008A1 /* Auth */,
				BD8848EE2D2CF39200B6DFEA /* MainViews */,
			);
			path = Module;
			sourceTree = "<group>";
		};
		BD88C8852D27F79600B008A1 /* Preview Content */ = {
			isa = PBXGroup;
			children = (
				BD88C8842D27F79600B008A1 /* Preview Assets.xcassets */,
			);
			path = "Preview Content";
			sourceTree = "<group>";
		};
		BD88C8882D27F79C00B008A1 /* Resource */ = {
			isa = PBXGroup;
			children = (
				BD88C8872D27F79C00B008A1 /* Assets.xcassets */,
			);
			path = Resource;
			sourceTree = "<group>";
		};
		BD88C88D2D27F7A300B008A1 /* Routes */ = {
			isa = PBXGroup;
			children = (
				BD88C88A2D27F7A300B008A1 /* AuthRoute.swift */,
				BD88C88B2D27F7A300B008A1 /* MainRoute.swift */,
				BD88C88C2D27F7A300B008A1 /* SplashRoute.swift */,
			);
			path = Routes;
			sourceTree = "<group>";
		};
		BD88C8902D27F7A300B008A1 /* Services */ = {
			isa = PBXGroup;
			children = (
				BD88C88D2D27F7A300B008A1 /* Routes */,
				BD88C88E2D27F7A300B008A1 /* NavigationService.swift */,
				BD88C88F2D27F7A300B008A1 /* Routes.swift */,
			);
			path = Services;
			sourceTree = "<group>";
		};
		BD88C8972D2962D400B008A1 /* Uitility */ = {
			isa = PBXGroup;
			children = (
				BD88C8982D2962E600B008A1 /* ValidationUtils.swift */,
			);
			path = Uitility;
			sourceTree = "<group>";
		};
		BDC1C9EF2D2F944E00BD492B /* Section */ = {
			isa = PBXGroup;
			children = (
				BDC1C9E92D2F8E9800BD492B /* PopularRestaurantsSection.swift */,
				BDC1C9E72D2F8D8100BD492B /* TopCategoriesSection.swift */,
				BDC1C9EB2D2F930900BD492B /* MostPopularSection.swift */,
				BDC1C9ED2D2F935900BD492B /* RecentItemsSection.swift */,
				BDC1C9E52D2F8D3200BD492B /* SectionWithHeader.swift */,
			);
			path = Section;
			sourceTree = "<group>";
		};
		BDC1C9F42D2FCF7200BD492B /* MenuDetails */ = {
			isa = PBXGroup;
			children = (
				BDC1C9F72D2FD62A00BD492B /* Model */,
				BDC1C9F62D2FD62300BD492B /* ViewModel */,
				BDC1C9F52D2FD61E00BD492B /* View */,
			);
			path = MenuDetails;
			sourceTree = "<group>";
		};
		BDC1C9F52D2FD61E00BD492B /* View */ = {
			isa = PBXGroup;
			children = (
				BDC1C9F82D2FD69500BD492B /* MenuDetails.swift */,
			);
			path = View;
			sourceTree = "<group>";
		};
		BDC1C9F62D2FD62300BD492B /* ViewModel */ = {
			isa = PBXGroup;
			children = (
				BDE5AE2A2D378D37008ABA03 /* MenuDetailsViewModel.swift */,
			);
			path = ViewModel;
			sourceTree = "<group>";
		};
		BDC1C9F72D2FD62A00BD492B /* Model */ = {
			isa = PBXGroup;
			children = (
				BDE5AE2C2D3792CF008ABA03 /* MenuDetailModel.swift */,
			);
			path = Model;
			sourceTree = "<group>";
		};
		BDE5AE242D377B7B008ABA03 /* ViewModel */ = {
			isa = PBXGroup;
			children = (
				BDE5AE262D377C29008ABA03 /* ProfileViewModel.swift */,
			);
			path = ViewModel;
			sourceTree = "<group>";
		};
		BDE5AE252D377B82008ABA03 /* Model */ = {
			isa = PBXGroup;
			children = (
				BDE5AE282D377C35008ABA03 /* ProfileModel.swift */,
			);
			path = Model;
			sourceTree = "<group>";
		};
		BDE9DC7E2D3116E300BF6533 /* Model */ = {
			isa = PBXGroup;
			children = (
				BDE9DC822D31170500BF6533 /* OffersModel.swift */,
			);
			path = Model;
			sourceTree = "<group>";
		};
		BDE9DC7F2D3116E800BF6533 /* ViewModel */ = {
			isa = PBXGroup;
			children = (
				BDE9DC802D3116F800BF6533 /* OffersViewModel.swift */,
			);
			path = ViewModel;
			sourceTree = "<group>";
		};
/* End PBXGroup section */

/* Begin PBXNativeTarget section */
		BD06326C2D22C1EC00571AE1 /* FoodApp */ = {
			isa = PBXNativeTarget;
			buildConfigurationList = BD06327B2D22C1F000571AE1 /* Build configuration list for PBXNativeTarget "FoodApp" */;
			buildPhases = (
				BD0632692D22C1EC00571AE1 /* Sources */,
				BD06326A2D22C1EC00571AE1 /* Frameworks */,
				BD06326B2D22C1EC00571AE1 /* Resources */,
			);
			buildRules = (
			);
			dependencies = (
			);
			name = FoodApp;
			productName = FoodApp;
			productReference = BD06326D2D22C1EC00571AE1 /* FoodApp.app */;
			productType = "com.apple.product-type.application";
		};
/* End PBXNativeTarget section */

/* Begin PBXProject section */
		BD0632652D22C1EC00571AE1 /* Project object */ = {
			isa = PBXProject;
			attributes = {
				BuildIndependentTargetsInParallel = 1;
				LastSwiftUpdateCheck = 1540;
				LastUpgradeCheck = 1540;
				TargetAttributes = {
					BD06326C2D22C1EC00571AE1 = {
						CreatedOnToolsVersion = 15.4;
					};
				};
			};
			buildConfigurationList = BD0632682D22C1EC00571AE1 /* Build configuration list for PBXProject "FoodApp" */;
			compatibilityVersion = "Xcode 14.0";
			developmentRegion = en;
			hasScannedForEncodings = 0;
			knownRegions = (
				en,
				Base,
			);
			mainGroup = BD0632642D22C1EC00571AE1;
			productRefGroup = BD06326E2D22C1EC00571AE1 /* Products */;
			projectDirPath = "";
			projectRoot = "";
			targets = (
				BD06326C2D22C1EC00571AE1 /* FoodApp */,
			);
		};
/* End PBXProject section */

/* Begin PBXResourcesBuildPhase section */
		BD06326B2D22C1EC00571AE1 /* Resources */ = {
			isa = PBXResourcesBuildPhase;
			buildActionMask = 2147483647;
			files = (
				BD88C8862D27F79600B008A1 /* Preview Assets.xcassets in Resources */,
				BD88C8892D27F79C00B008A1 /* Assets.xcassets in Resources */,
			);
			runOnlyForDeploymentPostprocessing = 0;
		};
/* End PBXResourcesBuildPhase section */

/* Begin PBXSourcesBuildPhase section */
		BD0632692D22C1EC00571AE1 /* Sources */ = {
			isa = PBXSourcesBuildPhase;
			buildActionMask = 2147483647;
			files = (
				BDC1C9EE2D2F935900BD492B /* RecentItemsSection.swift in Sources */,
				BD88C87B2D27F78500B008A1 /* SignupView.swift in Sources */,
				BD88C89B2D29639200B008A1 /* AlertView.swift in Sources */,
				BD88C8942D27F7A300B008A1 /* NavigationService.swift in Sources */,
				BDC1C9E82D2F8D8100BD492B /* TopCategoriesSection.swift in Sources */,
				BDC1C9F32D2FAA3800BD492B /* ProductCategory.swift in Sources */,
				BD8848EB2D2CE7DF00B6DFEA /* TabBarModel.swift in Sources */,
				BD88C8912D27F7A300B008A1 /* AuthRoute.swift in Sources */,
				BDE9DC812D3116F800BF6533 /* OffersViewModel.swift in Sources */,
				BD88C8752D27F78500B008A1 /* NewPasswordView.swift in Sources */,
				BD88C8802D27F78500B008A1 /* SplashModel.swift in Sources */,
				BD8848F62D2CF44600B6DFEA /* MenuView.swift in Sources */,
				BDE5AE2B2D378D37008ABA03 /* MenuDetailsViewModel.swift in Sources */,
				BD88C8282D27F76800B008A1 /* FoodAppApp.swift in Sources */,
				BD88C8922D27F7A300B008A1 /* MainRoute.swift in Sources */,
				BD88490A2D2D3EE000B6DFEA /* MenuModel.swift in Sources */,
				BD0E885E2D2E61D5008B44EA /* MenuViewCell.swift in Sources */,
				BD88C8932D27F7A300B008A1 /* SplashRoute.swift in Sources */,
				BD88C87F2D27F78500B008A1 /* OnBordingViewModel.swift in Sources */,
				BDE5AE292D377C35008ABA03 /* ProfileModel.swift in Sources */,
				BDC1C9EA2D2F8E9800BD492B /* PopularRestaurantsSection.swift in Sources */,
				BD0E885A2D2E3D54008B44EA /* SearchBar.swift in Sources */,
				BD88C87E2D27F78500B008A1 /* OnBoardingView.swift in Sources */,
				BD8848F92D2CF46800B6DFEA /* OffersView.swift in Sources */,
				BD0E886A2D2E90CD008B44EA /* MenuListModel.swift in Sources */,
				BD0E88662D2E9075008B44EA /* FoodItemView.swift in Sources */,
				BD88C8792D27F78500B008A1 /* ResetPassView.swift in Sources */,
				BDC1C9E62D2F8D3200BD492B /* SectionWithHeader.swift in Sources */,
				BD88C8722D27F78500B008A1 /* LoginViewModel.swift in Sources */,
				BD495F6C2D2C05C300257196 /* TabBarViewModel.swift in Sources */,
				BD88C83A2D27F77500B008A1 /* AppFonts.swift in Sources */,
				BD8848ED2D2CE8D900B6DFEA /* CustomTabBar.swift in Sources */,
				BDE9DC832D31170500BF6533 /* OffersModel.swift in Sources */,
				BD0E88682D2E90BE008B44EA /* MenuListViewModel.swift in Sources */,
				BD8849042D2D0D4100B6DFEA /* CustomHeaderView.swift in Sources */,
				BD88C8272D27F76800B008A1 /* ContentView.swift in Sources */,
				BDE5AE272D377C29008ABA03 /* ProfileViewModel.swift in Sources */,
				BDE5AE2D2D3792CF008ABA03 /* MenuDetailModel.swift in Sources */,
				BDC1C9F12D2FA96C00BD492B /* RatingStarView.swift in Sources */,
				BD88C8322D27F76E00B008A1 /* DidntReceiveLinkView.swift in Sources */,
				BD88C8742D27F78500B008A1 /* LoginMainViewModel.swift in Sources */,
				BD495F6E2D2C05D100257196 /* TabBarView.swift in Sources */,
				BD88C83E2D27F77500B008A1 /* UI + Extention.swift in Sources */,
				BD0E88582D2E39F3008B44EA /* HomeModel.swift in Sources */,
				BD88C87A2D27F78500B008A1 /* ResetPassViewModel.swift in Sources */,
				BD88C8812D27F78500B008A1 /* SplashScreen.swift in Sources */,
				BD88C87D2D27F78500B008A1 /* OnBordingModel.swift in Sources */,
				BD88C87C2D27F78500B008A1 /* SignupViewModel.swift in Sources */,
				BD88C83B2D27F77500B008A1 /* AppStrings.swift in Sources */,
				BD0E88642D2E7E6D008B44EA /* MenuList.swift in Sources */,
				BD88C8952D27F7A300B008A1 /* Routes.swift in Sources */,
				BD88C8762D27F78500B008A1 /* NewPassordViewModel.swift in Sources */,
				BD8849082D2D3ED000B6DFEA /* MenuViewModel.swift in Sources */,
				BD8849022D2CF4AA00B6DFEA /* MoreView.swift in Sources */,
				BDE9DC852D311C4100BF6533 /* RestaurantCardView.swift in Sources */,
				BD88C83C2D27F77500B008A1 /* Color + Extention.swift in Sources */,
				BD88C8332D27F76E00B008A1 /* SocialMediaButton.swift in Sources */,
				BD8848FC2D2CF47700B6DFEA /* HomeView.swift in Sources */,
				BD88C8302D27F76E00B008A1 /* CustomNavigationButton.swift in Sources */,
				BD88C8312D27F76E00B008A1 /* CustomTextField.swift in Sources */,
				BD88C8772D27F78500B008A1 /* OtpView.swift in Sources */,
				BD8848FF2D2CF49300B6DFEA /* ProfileView.swift in Sources */,
				BD88C8732D27F78500B008A1 /* LoginMainView.swift in Sources */,
				BD3361442D2B92E0008B1299 /* TextStyles.swift in Sources */,
				BDC1C9EC2D2F930900BD492B /* MostPopularSection.swift in Sources */,
				BD88C8822D27F78500B008A1 /* SplashViewModel.swift in Sources */,
				BDC1C9F92D2FD69500BD492B /* MenuDetails.swift in Sources */,
				BD88C8992D2962E600B008A1 /* ValidationUtils.swift in Sources */,
				BD88C8712D27F78500B008A1 /* LoginView.swift in Sources */,
				BD88C83D2D27F77500B008A1 /* ImageResources.swift in Sources */,
				BDC1C9E42D2F8ABD00BD492B /* DropdownMenu.swift in Sources */,
				BD0048502D390385008F817D /* Responsive.swift in Sources */,
				BD0E88562D2E39E2008B44EA /* HomeViewModel.swift in Sources */,
				BD88C8782D27F78500B008A1 /* OTPViewModel.swift in Sources */,
			);
			runOnlyForDeploymentPostprocessing = 0;
		};
/* End PBXSourcesBuildPhase section */

/* Begin XCBuildConfiguration section */
		BD0632792D22C1F000571AE1 /* Debug */ = {
			isa = XCBuildConfiguration;
			buildSettings = {
				ALWAYS_SEARCH_USER_PATHS = NO;
				ASSETCATALOG_COMPILER_GENERATE_SWIFT_ASSET_SYMBOL_EXTENSIONS = YES;
				CLANG_ANALYZER_NONNULL = YES;
				CLANG_ANALYZER_NUMBER_OBJECT_CONVERSION = YES_AGGRESSIVE;
				CLANG_CXX_LANGUAGE_STANDARD = "gnu++20";
				CLANG_ENABLE_MODULES = YES;
				CLANG_ENABLE_OBJC_ARC = YES;
				CLANG_ENABLE_OBJC_WEAK = YES;
				CLANG_WARN_BLOCK_CAPTURE_AUTORELEASING = YES;
				CLANG_WARN_BOOL_CONVERSION = YES;
				CLANG_WARN_COMMA = YES;
				CLANG_WARN_CONSTANT_CONVERSION = YES;
				CLANG_WARN_DEPRECATED_OBJC_IMPLEMENTATIONS = YES;
				CLANG_WARN_DIRECT_OBJC_ISA_USAGE = YES_ERROR;
				CLANG_WARN_DOCUMENTATION_COMMENTS = YES;
				CLANG_WARN_EMPTY_BODY = YES;
				CLANG_WARN_ENUM_CONVERSION = YES;
				CLANG_WARN_INFINITE_RECURSION = YES;
				CLANG_WARN_INT_CONVERSION = YES;
				CLANG_WARN_NON_LITERAL_NULL_CONVERSION = YES;
				CLANG_WARN_OBJC_IMPLICIT_RETAIN_SELF = YES;
				CLANG_WARN_OBJC_LITERAL_CONVERSION = YES;
				CLANG_WARN_OBJC_ROOT_CLASS = YES_ERROR;
				CLANG_WARN_QUOTED_INCLUDE_IN_FRAMEWORK_HEADER = YES;
				CLANG_WARN_RANGE_LOOP_ANALYSIS = YES;
				CLANG_WARN_STRICT_PROTOTYPES = YES;
				CLANG_WARN_SUSPICIOUS_MOVE = YES;
				CLANG_WARN_UNGUARDED_AVAILABILITY = YES_AGGRESSIVE;
				CLANG_WARN_UNREACHABLE_CODE = YES;
				CLANG_WARN__DUPLICATE_METHOD_MATCH = YES;
				COPY_PHASE_STRIP = NO;
				DEBUG_INFORMATION_FORMAT = dwarf;
				ENABLE_STRICT_OBJC_MSGSEND = YES;
				ENABLE_TESTABILITY = YES;
				ENABLE_USER_SCRIPT_SANDBOXING = YES;
				GCC_C_LANGUAGE_STANDARD = gnu17;
				GCC_DYNAMIC_NO_PIC = NO;
				GCC_NO_COMMON_BLOCKS = YES;
				GCC_OPTIMIZATION_LEVEL = 0;
				GCC_PREPROCESSOR_DEFINITIONS = (
					"DEBUG=1",
					"$(inherited)",
				);
				GCC_WARN_64_TO_32_BIT_CONVERSION = YES;
				GCC_WARN_ABOUT_RETURN_TYPE = YES_ERROR;
				GCC_WARN_UNDECLARED_SELECTOR = YES;
				GCC_WARN_UNINITIALIZED_AUTOS = YES_AGGRESSIVE;
				GCC_WARN_UNUSED_FUNCTION = YES;
				GCC_WARN_UNUSED_VARIABLE = YES;
				IPHONEOS_DEPLOYMENT_TARGET = 17.5;
				LOCALIZATION_PREFERS_STRING_CATALOGS = YES;
				MTL_ENABLE_DEBUG_INFO = INCLUDE_SOURCE;
				MTL_FAST_MATH = YES;
				ONLY_ACTIVE_ARCH = YES;
				SDKROOT = iphoneos;
				SWIFT_ACTIVE_COMPILATION_CONDITIONS = "DEBUG $(inherited)";
				SWIFT_OPTIMIZATION_LEVEL = "-Onone";
			};
			name = Debug;
		};
		BD06327A2D22C1F000571AE1 /* Release */ = {
			isa = XCBuildConfiguration;
			buildSettings = {
				ALWAYS_SEARCH_USER_PATHS = NO;
				ASSETCATALOG_COMPILER_GENERATE_SWIFT_ASSET_SYMBOL_EXTENSIONS = YES;
				CLANG_ANALYZER_NONNULL = YES;
				CLANG_ANALYZER_NUMBER_OBJECT_CONVERSION = YES_AGGRESSIVE;
				CLANG_CXX_LANGUAGE_STANDARD = "gnu++20";
				CLANG_ENABLE_MODULES = YES;
				CLANG_ENABLE_OBJC_ARC = YES;
				CLANG_ENABLE_OBJC_WEAK = YES;
				CLANG_WARN_BLOCK_CAPTURE_AUTORELEASING = YES;
				CLANG_WARN_BOOL_CONVERSION = YES;
				CLANG_WARN_COMMA = YES;
				CLANG_WARN_CONSTANT_CONVERSION = YES;
				CLANG_WARN_DEPRECATED_OBJC_IMPLEMENTATIONS = YES;
				CLANG_WARN_DIRECT_OBJC_ISA_USAGE = YES_ERROR;
				CLANG_WARN_DOCUMENTATION_COMMENTS = YES;
				CLANG_WARN_EMPTY_BODY = YES;
				CLANG_WARN_ENUM_CONVERSION = YES;
				CLANG_WARN_INFINITE_RECURSION = YES;
				CLANG_WARN_INT_CONVERSION = YES;
				CLANG_WARN_NON_LITERAL_NULL_CONVERSION = YES;
				CLANG_WARN_OBJC_IMPLICIT_RETAIN_SELF = YES;
				CLANG_WARN_OBJC_LITERAL_CONVERSION = YES;
				CLANG_WARN_OBJC_ROOT_CLASS = YES_ERROR;
				CLANG_WARN_QUOTED_INCLUDE_IN_FRAMEWORK_HEADER = YES;
				CLANG_WARN_RANGE_LOOP_ANALYSIS = YES;
				CLANG_WARN_STRICT_PROTOTYPES = YES;
				CLANG_WARN_SUSPICIOUS_MOVE = YES;
				CLANG_WARN_UNGUARDED_AVAILABILITY = YES_AGGRESSIVE;
				CLANG_WARN_UNREACHABLE_CODE = YES;
				CLANG_WARN__DUPLICATE_METHOD_MATCH = YES;
				COPY_PHASE_STRIP = NO;
				DEBUG_INFORMATION_FORMAT = "dwarf-with-dsym";
				ENABLE_NS_ASSERTIONS = NO;
				ENABLE_STRICT_OBJC_MSGSEND = YES;
				ENABLE_USER_SCRIPT_SANDBOXING = YES;
				GCC_C_LANGUAGE_STANDARD = gnu17;
				GCC_NO_COMMON_BLOCKS = YES;
				GCC_WARN_64_TO_32_BIT_CONVERSION = YES;
				GCC_WARN_ABOUT_RETURN_TYPE = YES_ERROR;
				GCC_WARN_UNDECLARED_SELECTOR = YES;
				GCC_WARN_UNINITIALIZED_AUTOS = YES_AGGRESSIVE;
				GCC_WARN_UNUSED_FUNCTION = YES;
				GCC_WARN_UNUSED_VARIABLE = YES;
				IPHONEOS_DEPLOYMENT_TARGET = 17.5;
				LOCALIZATION_PREFERS_STRING_CATALOGS = YES;
				MTL_ENABLE_DEBUG_INFO = NO;
				MTL_FAST_MATH = YES;
				SDKROOT = iphoneos;
				SWIFT_COMPILATION_MODE = wholemodule;
				VALIDATE_PRODUCT = YES;
			};
			name = Release;
		};
		BD06327C2D22C1F000571AE1 /* Debug */ = {
			isa = XCBuildConfiguration;
			buildSettings = {
				ASSETCATALOG_COMPILER_APPICON_NAME = AppIcon;
				ASSETCATALOG_COMPILER_GLOBAL_ACCENT_COLOR_NAME = AccentColor;
				CODE_SIGN_STYLE = Automatic;
				CURRENT_PROJECT_VERSION = 1;
				DEVELOPMENT_ASSET_PATHS = "\"FoodApp/Preview Content\"";
				ENABLE_PREVIEWS = YES;
				GENERATE_INFOPLIST_FILE = YES;
				INFOPLIST_FILE = FoodApp/Info.plist;
				INFOPLIST_KEY_UIApplicationSceneManifest_Generation = YES;
				INFOPLIST_KEY_UIApplicationSupportsIndirectInputEvents = YES;
				INFOPLIST_KEY_UILaunchScreen_Generation = YES;
				INFOPLIST_KEY_UISupportedInterfaceOrientations_iPad = "UIInterfaceOrientationPortrait UIInterfaceOrientationPortraitUpsideDown UIInterfaceOrientationLandscapeLeft UIInterfaceOrientationLandscapeRight";
				INFOPLIST_KEY_UISupportedInterfaceOrientations_iPhone = "Portrait\\ (UIInterfaceOrientationPortrait)";
				INFOPLIST_KEY_UIUserInterfaceStyle = Light;
				IPHONEOS_DEPLOYMENT_TARGET = 16.0;
				LD_RUNPATH_SEARCH_PATHS = (
					"$(inherited)",
					"@executable_path/Frameworks",
				);
				MARKETING_VERSION = 1.0;
				PRODUCT_BUNDLE_IDENTIFIER = com.FoodApp;
				PRODUCT_NAME = "$(TARGET_NAME)";
				SWIFT_EMIT_LOC_STRINGS = YES;
				SWIFT_VERSION = 5.0;
				TARGETED_DEVICE_FAMILY = "1,2";
			};
			name = Debug;
		};
		BD06327D2D22C1F000571AE1 /* Release */ = {
			isa = XCBuildConfiguration;
			buildSettings = {
				ASSETCATALOG_COMPILER_APPICON_NAME = AppIcon;
				ASSETCATALOG_COMPILER_GLOBAL_ACCENT_COLOR_NAME = AccentColor;
				CODE_SIGN_STYLE = Automatic;
				CURRENT_PROJECT_VERSION = 1;
				DEVELOPMENT_ASSET_PATHS = "\"FoodApp/Preview Content\"";
				ENABLE_PREVIEWS = YES;
				GENERATE_INFOPLIST_FILE = YES;
				INFOPLIST_FILE = FoodApp/Info.plist;
				INFOPLIST_KEY_UIApplicationSceneManifest_Generation = YES;
				INFOPLIST_KEY_UIApplicationSupportsIndirectInputEvents = YES;
				INFOPLIST_KEY_UILaunchScreen_Generation = YES;
				INFOPLIST_KEY_UISupportedInterfaceOrientations_iPad = "UIInterfaceOrientationPortrait UIInterfaceOrientationPortraitUpsideDown UIInterfaceOrientationLandscapeLeft UIInterfaceOrientationLandscapeRight";
				INFOPLIST_KEY_UISupportedInterfaceOrientations_iPhone = "Portrait\\ (UIInterfaceOrientationPortrait)";
				INFOPLIST_KEY_UIUserInterfaceStyle = Light;
				IPHONEOS_DEPLOYMENT_TARGET = 16.0;
				LD_RUNPATH_SEARCH_PATHS = (
					"$(inherited)",
					"@executable_path/Frameworks",
				);
				MARKETING_VERSION = 1.0;
				PRODUCT_BUNDLE_IDENTIFIER = com.FoodApp;
				PRODUCT_NAME = "$(TARGET_NAME)";
				SWIFT_EMIT_LOC_STRINGS = YES;
				SWIFT_VERSION = 5.0;
				TARGETED_DEVICE_FAMILY = "1,2";
			};
			name = Release;
		};
/* End XCBuildConfiguration section */

/* Begin XCConfigurationList section */
		BD0632682D22C1EC00571AE1 /* Build configuration list for PBXProject "FoodApp" */ = {
			isa = XCConfigurationList;
			buildConfigurations = (
				BD0632792D22C1F000571AE1 /* Debug */,
				BD06327A2D22C1F000571AE1 /* Release */,
			);
			defaultConfigurationIsVisible = 0;
			defaultConfigurationName = Release;
		};
		BD06327B2D22C1F000571AE1 /* Build configuration list for PBXNativeTarget "FoodApp" */ = {
			isa = XCConfigurationList;
			buildConfigurations = (
				BD06327C2D22C1F000571AE1 /* Debug */,
				BD06327D2D22C1F000571AE1 /* Release */,
			);
			defaultConfigurationIsVisible = 0;
			defaultConfigurationName = Release;
		};
/* End XCConfigurationList section */
	};
	rootObject = BD0632652D22C1EC00571AE1 /* Project object */;
}
