// !$*UTF8*$!
{
	archiveVersion = 1;
	classes = {
	};
	objectVersion = 56;
	objects = {

/* Begin PBXBuildFile section */
		BD0632712D22C1EC00571AE1 /* FoodAppApp.swift in Sources */ = {isa = PBXBuildFile; fileRef = BD0632702D22C1EC00571AE1 /* FoodAppApp.swift */; };
		BD0632732D22C1EC00571AE1 /* ContentView.swift in Sources */ = {isa = PBXBuildFile; fileRef = BD0632722D22C1EC00571AE1 /* ContentView.swift */; };
		BD0632752D22C1F000571AE1 /* Assets.xcassets in Resources */ = {isa = PBXBuildFile; fileRef = BD0632742D22C1F000571AE1 /* Assets.xcassets */; };
		BD0632782D22C1F000571AE1 /* Preview Assets.xcassets in Resources */ = {isa = PBXBuildFile; fileRef = BD0632772D22C1F000571AE1 /* Preview Assets.xcassets */; };
		BD0632822D22CCA100571AE1 /* SplashModel.swift in Sources */ = {isa = PBXBuildFile; fileRef = BD0632812D22CCA000571AE1 /* SplashModel.swift */; };
		BD0632852D22CD1200571AE1 /* SplashViewModel.swift in Sources */ = {isa = PBXBuildFile; fileRef = BD0632842D22CD1200571AE1 /* SplashViewModel.swift */; };
		BD0632882D22CD5C00571AE1 /* SplashScreen.swift in Sources */ = {isa = PBXBuildFile; fileRef = BD0632872D22CD5C00571AE1 /* SplashScreen.swift */; };
		BD06328B2D22D18700571AE1 /* ImageResources.swift in Sources */ = {isa = PBXBuildFile; fileRef = BD06328A2D22D18700571AE1 /* ImageResources.swift */; };
		BD06328D2D22D3C700571AE1 /* Color + Extention.swift in Sources */ = {isa = PBXBuildFile; fileRef = BD06328C2D22D3C700571AE1 /* Color + Extention.swift */; };
		BD0632972D22D58800571AE1 /* LoginView.swift in Sources */ = {isa = PBXBuildFile; fileRef = BD0632962D22D58800571AE1 /* LoginView.swift */; };
		BD0632992D22FDC300571AE1 /* AppStrings.swift in Sources */ = {isa = PBXBuildFile; fileRef = BD0632982D22FDC300571AE1 /* AppStrings.swift */; };
		BD06329B2D23036200571AE1 /* SignupView.swift in Sources */ = {isa = PBXBuildFile; fileRef = BD06329A2D23036200571AE1 /* SignupView.swift */; };
		BD32BF262D265D070094068B /* LoginMainView.swift in Sources */ = {isa = PBXBuildFile; fileRef = BD32BF252D265D070094068B /* LoginMainView.swift */; };
		BDFFF0442D23BF1200A2CF08 /* CustomTextField.swift in Sources */ = {isa = PBXBuildFile; fileRef = BDFFF0432D23BF1200A2CF08 /* CustomTextField.swift */; };
		BDFFF0462D23BF5F00A2CF08 /* CustomButton.swift in Sources */ = {isa = PBXBuildFile; fileRef = BDFFF0452D23BF5E00A2CF08 /* CustomButton.swift */; };
		BDFFF0482D23BF9F00A2CF08 /* SocialMediaButton.swift in Sources */ = {isa = PBXBuildFile; fileRef = BDFFF0472D23BF9F00A2CF08 /* SocialMediaButton.swift */; };
		BDFFF04A2D23C08400A2CF08 /* UI + Extention.swift in Sources */ = {isa = PBXBuildFile; fileRef = BDFFF0492D23C08400A2CF08 /* UI + Extention.swift */; };
		BDFFF04C2D23CBC800A2CF08 /* SignupViewModel.swift in Sources */ = {isa = PBXBuildFile; fileRef = BDFFF04B2D23CBC800A2CF08 /* SignupViewModel.swift */; };
		BDFFF04E2D23CC5900A2CF08 /* LoginViewModel.swift in Sources */ = {isa = PBXBuildFile; fileRef = BDFFF04D2D23CC5900A2CF08 /* LoginViewModel.swift */; };
		BDFFF0552D23E23C00A2CF08 /* ResetPassView.swift in Sources */ = {isa = PBXBuildFile; fileRef = BDFFF0542D23E23C00A2CF08 /* ResetPassView.swift */; };
		BDFFF0572D23E8D700A2CF08 /* ResetPassViewModel.swift in Sources */ = {isa = PBXBuildFile; fileRef = BDFFF0562D23E8D700A2CF08 /* ResetPassViewModel.swift */; };
		BDFFF05E2D23EDFA00A2CF08 /* OTPViewModel.swift in Sources */ = {isa = PBXBuildFile; fileRef = BDFFF0592D23EDF900A2CF08 /* OTPViewModel.swift */; };
		BDFFF0612D23EE2F00A2CF08 /* OtpView.swift in Sources */ = {isa = PBXBuildFile; fileRef = BDFFF0602D23EE2F00A2CF08 /* OtpView.swift */; };
		BDFFF0672D24077B00A2CF08 /* NewPasswordView.swift in Sources */ = {isa = PBXBuildFile; fileRef = BDFFF0662D24077B00A2CF08 /* NewPasswordView.swift */; };
		BDFFF0692D240B8D00A2CF08 /* NewPassordViewModel.swift in Sources */ = {isa = PBXBuildFile; fileRef = BDFFF0682D240B8D00A2CF08 /* NewPassordViewModel.swift */; };
		BDFFF06B2D24157A00A2CF08 /* CustomNavigationButton.swift in Sources */ = {isa = PBXBuildFile; fileRef = BDFFF06A2D24157A00A2CF08 /* CustomNavigationButton.swift */; };
		BDFFF06D2D24175100A2CF08 /* DidntReceiveLinkView.swift in Sources */ = {isa = PBXBuildFile; fileRef = BDFFF06C2D24175100A2CF08 /* DidntReceiveLinkView.swift */; };
		BDFFF0732D241BBF00A2CF08 /* OnBoardingView.swift in Sources */ = {isa = PBXBuildFile; fileRef = BDFFF0722D241BBF00A2CF08 /* OnBoardingView.swift */; };
		BDFFF0752D24235500A2CF08 /* OnBordingModel.swift in Sources */ = {isa = PBXBuildFile; fileRef = BDFFF0742D24235500A2CF08 /* OnBordingModel.swift */; };
		BDFFF0772D24238F00A2CF08 /* OnBordingViewModel.swift in Sources */ = {isa = PBXBuildFile; fileRef = BDFFF0762D24238F00A2CF08 /* OnBordingViewModel.swift */; };
/* End PBXBuildFile section */

/* Begin PBXFileReference section */
		BD06326D2D22C1EC00571AE1 /* FoodApp.app */ = {isa = PBXFileReference; explicitFileType = wrapper.application; includeInIndex = 0; path = FoodApp.app; sourceTree = BUILT_PRODUCTS_DIR; };
		BD0632702D22C1EC00571AE1 /* FoodAppApp.swift */ = {isa = PBXFileReference; lastKnownFileType = sourcecode.swift; path = FoodAppApp.swift; sourceTree = "<group>"; };
		BD0632722D22C1EC00571AE1 /* ContentView.swift */ = {isa = PBXFileReference; lastKnownFileType = sourcecode.swift; path = ContentView.swift; sourceTree = "<group>"; };
		BD0632742D22C1F000571AE1 /* Assets.xcassets */ = {isa = PBXFileReference; lastKnownFileType = folder.assetcatalog; path = Assets.xcassets; sourceTree = "<group>"; };
		BD0632772D22C1F000571AE1 /* Preview Assets.xcassets */ = {isa = PBXFileReference; lastKnownFileType = folder.assetcatalog; path = "Preview Assets.xcassets"; sourceTree = "<group>"; };
		BD0632812D22CCA000571AE1 /* SplashModel.swift */ = {isa = PBXFileReference; lastKnownFileType = sourcecode.swift; path = SplashModel.swift; sourceTree = "<group>"; };
		BD0632842D22CD1200571AE1 /* SplashViewModel.swift */ = {isa = PBXFileReference; lastKnownFileType = sourcecode.swift; path = SplashViewModel.swift; sourceTree = "<group>"; };
		BD0632872D22CD5C00571AE1 /* SplashScreen.swift */ = {isa = PBXFileReference; lastKnownFileType = sourcecode.swift; path = SplashScreen.swift; sourceTree = "<group>"; };
		BD06328A2D22D18700571AE1 /* ImageResources.swift */ = {isa = PBXFileReference; lastKnownFileType = sourcecode.swift; path = ImageResources.swift; sourceTree = "<group>"; };
		BD06328C2D22D3C700571AE1 /* Color + Extention.swift */ = {isa = PBXFileReference; lastKnownFileType = sourcecode.swift; path = "Color + Extention.swift"; sourceTree = "<group>"; };
		BD0632962D22D58800571AE1 /* LoginView.swift */ = {isa = PBXFileReference; lastKnownFileType = sourcecode.swift; path = LoginView.swift; sourceTree = "<group>"; };
		BD0632982D22FDC300571AE1 /* AppStrings.swift */ = {isa = PBXFileReference; lastKnownFileType = sourcecode.swift; path = AppStrings.swift; sourceTree = "<group>"; };
		BD06329A2D23036200571AE1 /* SignupView.swift */ = {isa = PBXFileReference; lastKnownFileType = sourcecode.swift; path = SignupView.swift; sourceTree = "<group>"; };
		BD32BF252D265D070094068B /* LoginMainView.swift */ = {isa = PBXFileReference; lastKnownFileType = sourcecode.swift; path = LoginMainView.swift; sourceTree = "<group>"; };
		BDFFF0432D23BF1200A2CF08 /* CustomTextField.swift */ = {isa = PBXFileReference; lastKnownFileType = sourcecode.swift; path = CustomTextField.swift; sourceTree = "<group>"; };
		BDFFF0452D23BF5E00A2CF08 /* CustomButton.swift */ = {isa = PBXFileReference; lastKnownFileType = sourcecode.swift; path = CustomButton.swift; sourceTree = "<group>"; };
		BDFFF0472D23BF9F00A2CF08 /* SocialMediaButton.swift */ = {isa = PBXFileReference; lastKnownFileType = sourcecode.swift; path = SocialMediaButton.swift; sourceTree = "<group>"; };
		BDFFF0492D23C08400A2CF08 /* UI + Extention.swift */ = {isa = PBXFileReference; lastKnownFileType = sourcecode.swift; path = "UI + Extention.swift"; sourceTree = "<group>"; };
		BDFFF04B2D23CBC800A2CF08 /* SignupViewModel.swift */ = {isa = PBXFileReference; lastKnownFileType = sourcecode.swift; path = SignupViewModel.swift; sourceTree = "<group>"; };
		BDFFF04D2D23CC5900A2CF08 /* LoginViewModel.swift */ = {isa = PBXFileReference; lastKnownFileType = sourcecode.swift; path = LoginViewModel.swift; sourceTree = "<group>"; };
		BDFFF0542D23E23C00A2CF08 /* ResetPassView.swift */ = {isa = PBXFileReference; lastKnownFileType = sourcecode.swift; path = ResetPassView.swift; sourceTree = "<group>"; };
		BDFFF0562D23E8D700A2CF08 /* ResetPassViewModel.swift */ = {isa = PBXFileReference; lastKnownFileType = sourcecode.swift; path = ResetPassViewModel.swift; sourceTree = "<group>"; };
		BDFFF0592D23EDF900A2CF08 /* OTPViewModel.swift */ = {isa = PBXFileReference; fileEncoding = 4; lastKnownFileType = sourcecode.swift; path = OTPViewModel.swift; sourceTree = "<group>"; };
		BDFFF0602D23EE2F00A2CF08 /* OtpView.swift */ = {isa = PBXFileReference; lastKnownFileType = sourcecode.swift; path = OtpView.swift; sourceTree = "<group>"; };
		BDFFF0662D24077B00A2CF08 /* NewPasswordView.swift */ = {isa = PBXFileReference; lastKnownFileType = sourcecode.swift; path = NewPasswordView.swift; sourceTree = "<group>"; };
		BDFFF0682D240B8D00A2CF08 /* NewPassordViewModel.swift */ = {isa = PBXFileReference; lastKnownFileType = sourcecode.swift; path = NewPassordViewModel.swift; sourceTree = "<group>"; };
		BDFFF06A2D24157A00A2CF08 /* CustomNavigationButton.swift */ = {isa = PBXFileReference; lastKnownFileType = sourcecode.swift; path = CustomNavigationButton.swift; sourceTree = "<group>"; };
		BDFFF06C2D24175100A2CF08 /* DidntReceiveLinkView.swift */ = {isa = PBXFileReference; lastKnownFileType = sourcecode.swift; path = DidntReceiveLinkView.swift; sourceTree = "<group>"; };
		BDFFF0722D241BBF00A2CF08 /* OnBoardingView.swift */ = {isa = PBXFileReference; lastKnownFileType = sourcecode.swift; path = OnBoardingView.swift; sourceTree = "<group>"; };
		BDFFF0742D24235500A2CF08 /* OnBordingModel.swift */ = {isa = PBXFileReference; lastKnownFileType = sourcecode.swift; path = OnBordingModel.swift; sourceTree = "<group>"; };
		BDFFF0762D24238F00A2CF08 /* OnBordingViewModel.swift */ = {isa = PBXFileReference; lastKnownFileType = sourcecode.swift; path = OnBordingViewModel.swift; sourceTree = "<group>"; };
/* End PBXFileReference section */

/* Begin PBXFrameworksBuildPhase section */
		BD06326A2D22C1EC00571AE1 /* Frameworks */ = {
			isa = PBXFrameworksBuildPhase;
			buildActionMask = 2147483647;
			files = (
			);
			runOnlyForDeploymentPostprocessing = 0;
		};
/* End PBXFrameworksBuildPhase section */

/* Begin PBXGroup section */
		BD0632642D22C1EC00571AE1 = {
			isa = PBXGroup;
			children = (
				BD06326F2D22C1EC00571AE1 /* FoodApp */,
				BD06326E2D22C1EC00571AE1 /* Products */,
			);
			sourceTree = "<group>";
		};
		BD06326E2D22C1EC00571AE1 /* Products */ = {
			isa = PBXGroup;
			children = (
				BD06326D2D22C1EC00571AE1 /* FoodApp.app */,
			);
			name = Products;
			sourceTree = "<group>";
		};
		BD06326F2D22C1EC00571AE1 /* FoodApp */ = {
			isa = PBXGroup;
			children = (
				BD0632892D22D17600571AE1 /* Uitility */,
				BD06327F2D22CC7C00571AE1 /* Module */,
				BD0632702D22C1EC00571AE1 /* FoodAppApp.swift */,
				BD0632722D22C1EC00571AE1 /* ContentView.swift */,
				BD0632742D22C1F000571AE1 /* Assets.xcassets */,
				BD0632762D22C1F000571AE1 /* Preview Content */,
			);
			path = FoodApp;
			sourceTree = "<group>";
		};
		BD0632762D22C1F000571AE1 /* Preview Content */ = {
			isa = PBXGroup;
			children = (
				BD0632772D22C1F000571AE1 /* Preview Assets.xcassets */,
			);
			path = "Preview Content";
			sourceTree = "<group>";
		};
		BD06327E2D22CC7400571AE1 /* Splash */ = {
			isa = PBXGroup;
			children = (
				BD0632862D22CD3F00571AE1 /* View */,
				BD0632832D22CCFA00571AE1 /* Model */,
				BD0632802D22CC8C00571AE1 /* ViewModel */,
			);
			path = Splash;
			sourceTree = "<group>";
		};
		BD06327F2D22CC7C00571AE1 /* Module */ = {
			isa = PBXGroup;
			children = (
				BD32BF212D265C4C0094068B /* LoginMain */,
				BDFFF06E2D241B7F00A2CF08 /* OnBording */,
				BDFFF0622D2406F400A2CF08 /* NewPassword */,
				BDFFF0582D23EDB300A2CF08 /* OtpView */,
				BDFFF0502D23E1EE00A2CF08 /* ResetPassword */,
				BD06328F2D22D52F00571AE1 /* Signup */,
				BD06328E2D22D52900571AE1 /* Login */,
				BD06327E2D22CC7400571AE1 /* Splash */,
			);
			path = Module;
			sourceTree = "<group>";
		};
		BD0632802D22CC8C00571AE1 /* ViewModel */ = {
			isa = PBXGroup;
			children = (
				BD0632842D22CD1200571AE1 /* SplashViewModel.swift */,
			);
			path = ViewModel;
			sourceTree = "<group>";
		};
		BD0632832D22CCFA00571AE1 /* Model */ = {
			isa = PBXGroup;
			children = (
				BD0632812D22CCA000571AE1 /* SplashModel.swift */,
			);
			path = Model;
			sourceTree = "<group>";
		};
		BD0632862D22CD3F00571AE1 /* View */ = {
			isa = PBXGroup;
			children = (
				BD0632872D22CD5C00571AE1 /* SplashScreen.swift */,
			);
			path = View;
			sourceTree = "<group>";
		};
		BD0632892D22D17600571AE1 /* Uitility */ = {
			isa = PBXGroup;
			children = (
				BD06328A2D22D18700571AE1 /* ImageResources.swift */,
				BD06328C2D22D3C700571AE1 /* Color + Extention.swift */,
				BD0632982D22FDC300571AE1 /* AppStrings.swift */,
				BDFFF0432D23BF1200A2CF08 /* CustomTextField.swift */,
				BDFFF0452D23BF5E00A2CF08 /* CustomButton.swift */,
				BDFFF0472D23BF9F00A2CF08 /* SocialMediaButton.swift */,
				BDFFF0492D23C08400A2CF08 /* UI + Extention.swift */,
				BDFFF06A2D24157A00A2CF08 /* CustomNavigationButton.swift */,
				BDFFF06C2D24175100A2CF08 /* DidntReceiveLinkView.swift */,
			);
			path = Uitility;
			sourceTree = "<group>";
		};
		BD06328E2D22D52900571AE1 /* Login */ = {
			isa = PBXGroup;
			children = (
				BD0632922D22D53E00571AE1 /* ViewModel */,
				BD0632912D22D53A00571AE1 /* Model */,
				BD0632902D22D53500571AE1 /* View */,
			);
			path = Login;
			sourceTree = "<group>";
		};
		BD06328F2D22D52F00571AE1 /* Signup */ = {
			isa = PBXGroup;
			children = (
				BD0632952D22D54E00571AE1 /* ViewModel */,
				BD0632942D22D54900571AE1 /* Model */,
				BD0632932D22D54500571AE1 /* View */,
			);
			path = Signup;
			sourceTree = "<group>";
		};
		BD0632902D22D53500571AE1 /* View */ = {
			isa = PBXGroup;
			children = (
				BD0632962D22D58800571AE1 /* LoginView.swift */,
			);
			path = View;
			sourceTree = "<group>";
		};
		BD0632912D22D53A00571AE1 /* Model */ = {
			isa = PBXGroup;
			children = (
			);
			path = Model;
			sourceTree = "<group>";
		};
		BD0632922D22D53E00571AE1 /* ViewModel */ = {
			isa = PBXGroup;
			children = (
				BDFFF04D2D23CC5900A2CF08 /* LoginViewModel.swift */,
			);
			path = ViewModel;
			sourceTree = "<group>";
		};
		BD0632932D22D54500571AE1 /* View */ = {
			isa = PBXGroup;
			children = (
				BD06329A2D23036200571AE1 /* SignupView.swift */,
			);
			path = View;
			sourceTree = "<group>";
		};
		BD0632942D22D54900571AE1 /* Model */ = {
			isa = PBXGroup;
			children = (
			);
			path = Model;
			sourceTree = "<group>";
		};
		BD0632952D22D54E00571AE1 /* ViewModel */ = {
			isa = PBXGroup;
			children = (
				BDFFF04B2D23CBC800A2CF08 /* SignupViewModel.swift */,
			);
			path = ViewModel;
			sourceTree = "<group>";
		};
		BD32BF212D265C4C0094068B /* LoginMain */ = {
			isa = PBXGroup;
			children = (
				BD32BF242D265CF50094068B /* ViewModel */,
				BD32BF232D265CF00094068B /* Model */,
				BD32BF222D265CEB0094068B /* View */,
			);
			path = LoginMain;
			sourceTree = "<group>";
		};
		BD32BF222D265CEB0094068B /* View */ = {
			isa = PBXGroup;
			children = (
				BD32BF252D265D070094068B /* LoginMainView.swift */,
			);
			path = View;
			sourceTree = "<group>";
		};
		BD32BF232D265CF00094068B /* Model */ = {
			isa = PBXGroup;
			children = (
			);
			path = Model;
			sourceTree = "<group>";
		};
		BD32BF242D265CF50094068B /* ViewModel */ = {
			isa = PBXGroup;
			children = (
			);
			path = ViewModel;
			sourceTree = "<group>";
		};
		BDFFF0502D23E1EE00A2CF08 /* ResetPassword */ = {
			isa = PBXGroup;
			children = (
				BDFFF0512D23E20D00A2CF08 /* ViewModel */,
				BDFFF0532D23E21B00A2CF08 /* Model */,
				BDFFF0522D23E21700A2CF08 /* View */,
			);
			path = ResetPassword;
			sourceTree = "<group>";
		};
		BDFFF0512D23E20D00A2CF08 /* ViewModel */ = {
			isa = PBXGroup;
			children = (
				BDFFF0562D23E8D700A2CF08 /* ResetPassViewModel.swift */,
			);
			path = ViewModel;
			sourceTree = "<group>";
		};
		BDFFF0522D23E21700A2CF08 /* View */ = {
			isa = PBXGroup;
			children = (
				BDFFF0542D23E23C00A2CF08 /* ResetPassView.swift */,
			);
			path = View;
			sourceTree = "<group>";
		};
		BDFFF0532D23E21B00A2CF08 /* Model */ = {
			isa = PBXGroup;
			children = (
			);
			path = Model;
			sourceTree = "<group>";
		};
		BDFFF0582D23EDB300A2CF08 /* OtpView */ = {
			isa = PBXGroup;
			children = (
				BDFFF05A2D23EDF900A2CF08 /* ViewModel */,
				BDFFF05D2D23EDFA00A2CF08 /* Model */,
				BDFFF05C2D23EDF900A2CF08 /* View */,
			);
			path = OtpView;
			sourceTree = "<group>";
		};
		BDFFF05A2D23EDF900A2CF08 /* ViewModel */ = {
			isa = PBXGroup;
			children = (
				BDFFF0592D23EDF900A2CF08 /* OTPViewModel.swift */,
			);
			path = ViewModel;
			sourceTree = "<group>";
		};
		BDFFF05C2D23EDF900A2CF08 /* View */ = {
			isa = PBXGroup;
			children = (
				BDFFF0602D23EE2F00A2CF08 /* OtpView.swift */,
			);
			path = View;
			sourceTree = "<group>";
		};
		BDFFF05D2D23EDFA00A2CF08 /* Model */ = {
			isa = PBXGroup;
			children = (
			);
			path = Model;
			sourceTree = "<group>";
		};
		BDFFF0622D2406F400A2CF08 /* NewPassword */ = {
			isa = PBXGroup;
			children = (
				BDFFF0652D24075800A2CF08 /* ViewModel */,
				BDFFF0632D24074F00A2CF08 /* Model */,
				BDFFF0642D24075500A2CF08 /* View */,
			);
			path = NewPassword;
			sourceTree = "<group>";
		};
		BDFFF0632D24074F00A2CF08 /* Model */ = {
			isa = PBXGroup;
			children = (
			);
			path = Model;
			sourceTree = "<group>";
		};
		BDFFF0642D24075500A2CF08 /* View */ = {
			isa = PBXGroup;
			children = (
				BDFFF0662D24077B00A2CF08 /* NewPasswordView.swift */,
			);
			path = View;
			sourceTree = "<group>";
		};
		BDFFF0652D24075800A2CF08 /* ViewModel */ = {
			isa = PBXGroup;
			children = (
				BDFFF0682D240B8D00A2CF08 /* NewPassordViewModel.swift */,
			);
			path = ViewModel;
			sourceTree = "<group>";
		};
		BDFFF06E2D241B7F00A2CF08 /* OnBording */ = {
			isa = PBXGroup;
			children = (
				BDFFF0712D241B9300A2CF08 /* ViewModel */,
				BDFFF0702D241B8D00A2CF08 /* Model */,
				BDFFF06F2D241B8800A2CF08 /* View */,
			);
			path = OnBording;
			sourceTree = "<group>";
		};
		BDFFF06F2D241B8800A2CF08 /* View */ = {
			isa = PBXGroup;
			children = (
				BDFFF0722D241BBF00A2CF08 /* OnBoardingView.swift */,
			);
			path = View;
			sourceTree = "<group>";
		};
		BDFFF0702D241B8D00A2CF08 /* Model */ = {
			isa = PBXGroup;
			children = (
				BDFFF0742D24235500A2CF08 /* OnBordingModel.swift */,
			);
			path = Model;
			sourceTree = "<group>";
		};
		BDFFF0712D241B9300A2CF08 /* ViewModel */ = {
			isa = PBXGroup;
			children = (
				BDFFF0762D24238F00A2CF08 /* OnBordingViewModel.swift */,
			);
			path = ViewModel;
			sourceTree = "<group>";
		};
/* End PBXGroup section */

/* Begin PBXNativeTarget section */
		BD06326C2D22C1EC00571AE1 /* FoodApp */ = {
			isa = PBXNativeTarget;
			buildConfigurationList = BD06327B2D22C1F000571AE1 /* Build configuration list for PBXNativeTarget "FoodApp" */;
			buildPhases = (
				BD0632692D22C1EC00571AE1 /* Sources */,
				BD06326A2D22C1EC00571AE1 /* Frameworks */,
				BD06326B2D22C1EC00571AE1 /* Resources */,
			);
			buildRules = (
			);
			dependencies = (
			);
			name = FoodApp;
			productName = FoodApp;
			productReference = BD06326D2D22C1EC00571AE1 /* FoodApp.app */;
			productType = "com.apple.product-type.application";
		};
/* End PBXNativeTarget section */

/* Begin PBXProject section */
		BD0632652D22C1EC00571AE1 /* Project object */ = {
			isa = PBXProject;
			attributes = {
				BuildIndependentTargetsInParallel = 1;
				LastSwiftUpdateCheck = 1540;
				LastUpgradeCheck = 1540;
				TargetAttributes = {
					BD06326C2D22C1EC00571AE1 = {
						CreatedOnToolsVersion = 15.4;
					};
				};
			};
			buildConfigurationList = BD0632682D22C1EC00571AE1 /* Build configuration list for PBXProject "FoodApp" */;
			compatibilityVersion = "Xcode 14.0";
			developmentRegion = en;
			hasScannedForEncodings = 0;
			knownRegions = (
				en,
				Base,
			);
			mainGroup = BD0632642D22C1EC00571AE1;
			productRefGroup = BD06326E2D22C1EC00571AE1 /* Products */;
			projectDirPath = "";
			projectRoot = "";
			targets = (
				BD06326C2D22C1EC00571AE1 /* FoodApp */,
			);
		};
/* End PBXProject section */

/* Begin PBXResourcesBuildPhase section */
		BD06326B2D22C1EC00571AE1 /* Resources */ = {
			isa = PBXResourcesBuildPhase;
			buildActionMask = 2147483647;
			files = (
				BD0632782D22C1F000571AE1 /* Preview Assets.xcassets in Resources */,
				BD0632752D22C1F000571AE1 /* Assets.xcassets in Resources */,
			);
			runOnlyForDeploymentPostprocessing = 0;
		};
/* End PBXResourcesBuildPhase section */

/* Begin PBXSourcesBuildPhase section */
		BD0632692D22C1EC00571AE1 /* Sources */ = {
			isa = PBXSourcesBuildPhase;
			buildActionMask = 2147483647;
			files = (
				BD0632992D22FDC300571AE1 /* AppStrings.swift in Sources */,
				BDFFF0442D23BF1200A2CF08 /* CustomTextField.swift in Sources */,
				BDFFF04A2D23C08400A2CF08 /* UI + Extention.swift in Sources */,
				BD06328D2D22D3C700571AE1 /* Color + Extention.swift in Sources */,
				BDFFF0752D24235500A2CF08 /* OnBordingModel.swift in Sources */,
				BDFFF05E2D23EDFA00A2CF08 /* OTPViewModel.swift in Sources */,
				BDFFF04E2D23CC5900A2CF08 /* LoginViewModel.swift in Sources */,
				BD32BF262D265D070094068B /* LoginMainView.swift in Sources */,
				BDFFF0672D24077B00A2CF08 /* NewPasswordView.swift in Sources */,
				BDFFF0772D24238F00A2CF08 /* OnBordingViewModel.swift in Sources */,
				BD0632882D22CD5C00571AE1 /* SplashScreen.swift in Sources */,
				BD0632822D22CCA100571AE1 /* SplashModel.swift in Sources */,
				BDFFF04C2D23CBC800A2CF08 /* SignupViewModel.swift in Sources */,
				BD06329B2D23036200571AE1 /* SignupView.swift in Sources */,
				BDFFF0612D23EE2F00A2CF08 /* OtpView.swift in Sources */,
				BDFFF06D2D24175100A2CF08 /* DidntReceiveLinkView.swift in Sources */,
				BDFFF0482D23BF9F00A2CF08 /* SocialMediaButton.swift in Sources */,
				BD0632732D22C1EC00571AE1 /* ContentView.swift in Sources */,
				BDFFF0692D240B8D00A2CF08 /* NewPassordViewModel.swift in Sources */,
				BD0632712D22C1EC00571AE1 /* FoodAppApp.swift in Sources */,
				BDFFF0462D23BF5F00A2CF08 /* CustomButton.swift in Sources */,
				BD0632852D22CD1200571AE1 /* SplashViewModel.swift in Sources */,
				BDFFF06B2D24157A00A2CF08 /* CustomNavigationButton.swift in Sources */,
				BD0632972D22D58800571AE1 /* LoginView.swift in Sources */,
				BDFFF0572D23E8D700A2CF08 /* ResetPassViewModel.swift in Sources */,
				BDFFF0552D23E23C00A2CF08 /* ResetPassView.swift in Sources */,
				BDFFF0732D241BBF00A2CF08 /* OnBoardingView.swift in Sources */,
				BD06328B2D22D18700571AE1 /* ImageResources.swift in Sources */,
			);
			runOnlyForDeploymentPostprocessing = 0;
		};
/* End PBXSourcesBuildPhase section */

/* Begin XCBuildConfiguration section */
		BD0632792D22C1F000571AE1 /* Debug */ = {
			isa = XCBuildConfiguration;
			buildSettings = {
				ALWAYS_SEARCH_USER_PATHS = NO;
				ASSETCATALOG_COMPILER_GENERATE_SWIFT_ASSET_SYMBOL_EXTENSIONS = YES;
				CLANG_ANALYZER_NONNULL = YES;
				CLANG_ANALYZER_NUMBER_OBJECT_CONVERSION = YES_AGGRESSIVE;
				CLANG_CXX_LANGUAGE_STANDARD = "gnu++20";
				CLANG_ENABLE_MODULES = YES;
				CLANG_ENABLE_OBJC_ARC = YES;
				CLANG_ENABLE_OBJC_WEAK = YES;
				CLANG_WARN_BLOCK_CAPTURE_AUTORELEASING = YES;
				CLANG_WARN_BOOL_CONVERSION = YES;
				CLANG_WARN_COMMA = YES;
				CLANG_WARN_CONSTANT_CONVERSION = YES;
				CLANG_WARN_DEPRECATED_OBJC_IMPLEMENTATIONS = YES;
				CLANG_WARN_DIRECT_OBJC_ISA_USAGE = YES_ERROR;
				CLANG_WARN_DOCUMENTATION_COMMENTS = YES;
				CLANG_WARN_EMPTY_BODY = YES;
				CLANG_WARN_ENUM_CONVERSION = YES;
				CLANG_WARN_INFINITE_RECURSION = YES;
				CLANG_WARN_INT_CONVERSION = YES;
				CLANG_WARN_NON_LITERAL_NULL_CONVERSION = YES;
				CLANG_WARN_OBJC_IMPLICIT_RETAIN_SELF = YES;
				CLANG_WARN_OBJC_LITERAL_CONVERSION = YES;
				CLANG_WARN_OBJC_ROOT_CLASS = YES_ERROR;
				CLANG_WARN_QUOTED_INCLUDE_IN_FRAMEWORK_HEADER = YES;
				CLANG_WARN_RANGE_LOOP_ANALYSIS = YES;
				CLANG_WARN_STRICT_PROTOTYPES = YES;
				CLANG_WARN_SUSPICIOUS_MOVE = YES;
				CLANG_WARN_UNGUARDED_AVAILABILITY = YES_AGGRESSIVE;
				CLANG_WARN_UNREACHABLE_CODE = YES;
				CLANG_WARN__DUPLICATE_METHOD_MATCH = YES;
				COPY_PHASE_STRIP = NO;
				DEBUG_INFORMATION_FORMAT = dwarf;
				ENABLE_STRICT_OBJC_MSGSEND = YES;
				ENABLE_TESTABILITY = YES;
				ENABLE_USER_SCRIPT_SANDBOXING = YES;
				GCC_C_LANGUAGE_STANDARD = gnu17;
				GCC_DYNAMIC_NO_PIC = NO;
				GCC_NO_COMMON_BLOCKS = YES;
				GCC_OPTIMIZATION_LEVEL = 0;
				GCC_PREPROCESSOR_DEFINITIONS = (
					"DEBUG=1",
					"$(inherited)",
				);
				GCC_WARN_64_TO_32_BIT_CONVERSION = YES;
				GCC_WARN_ABOUT_RETURN_TYPE = YES_ERROR;
				GCC_WARN_UNDECLARED_SELECTOR = YES;
				GCC_WARN_UNINITIALIZED_AUTOS = YES_AGGRESSIVE;
				GCC_WARN_UNUSED_FUNCTION = YES;
				GCC_WARN_UNUSED_VARIABLE = YES;
				IPHONEOS_DEPLOYMENT_TARGET = 17.5;
				LOCALIZATION_PREFERS_STRING_CATALOGS = YES;
				MTL_ENABLE_DEBUG_INFO = INCLUDE_SOURCE;
				MTL_FAST_MATH = YES;
				ONLY_ACTIVE_ARCH = YES;
				SDKROOT = iphoneos;
				SWIFT_ACTIVE_COMPILATION_CONDITIONS = "DEBUG $(inherited)";
				SWIFT_OPTIMIZATION_LEVEL = "-Onone";
			};
			name = Debug;
		};
		BD06327A2D22C1F000571AE1 /* Release */ = {
			isa = XCBuildConfiguration;
			buildSettings = {
				ALWAYS_SEARCH_USER_PATHS = NO;
				ASSETCATALOG_COMPILER_GENERATE_SWIFT_ASSET_SYMBOL_EXTENSIONS = YES;
				CLANG_ANALYZER_NONNULL = YES;
				CLANG_ANALYZER_NUMBER_OBJECT_CONVERSION = YES_AGGRESSIVE;
				CLANG_CXX_LANGUAGE_STANDARD = "gnu++20";
				CLANG_ENABLE_MODULES = YES;
				CLANG_ENABLE_OBJC_ARC = YES;
				CLANG_ENABLE_OBJC_WEAK = YES;
				CLANG_WARN_BLOCK_CAPTURE_AUTORELEASING = YES;
				CLANG_WARN_BOOL_CONVERSION = YES;
				CLANG_WARN_COMMA = YES;
				CLANG_WARN_CONSTANT_CONVERSION = YES;
				CLANG_WARN_DEPRECATED_OBJC_IMPLEMENTATIONS = YES;
				CLANG_WARN_DIRECT_OBJC_ISA_USAGE = YES_ERROR;
				CLANG_WARN_DOCUMENTATION_COMMENTS = YES;
				CLANG_WARN_EMPTY_BODY = YES;
				CLANG_WARN_ENUM_CONVERSION = YES;
				CLANG_WARN_INFINITE_RECURSION = YES;
				CLANG_WARN_INT_CONVERSION = YES;
				CLANG_WARN_NON_LITERAL_NULL_CONVERSION = YES;
				CLANG_WARN_OBJC_IMPLICIT_RETAIN_SELF = YES;
				CLANG_WARN_OBJC_LITERAL_CONVERSION = YES;
				CLANG_WARN_OBJC_ROOT_CLASS = YES_ERROR;
				CLANG_WARN_QUOTED_INCLUDE_IN_FRAMEWORK_HEADER = YES;
				CLANG_WARN_RANGE_LOOP_ANALYSIS = YES;
				CLANG_WARN_STRICT_PROTOTYPES = YES;
				CLANG_WARN_SUSPICIOUS_MOVE = YES;
				CLANG_WARN_UNGUARDED_AVAILABILITY = YES_AGGRESSIVE;
				CLANG_WARN_UNREACHABLE_CODE = YES;
				CLANG_WARN__DUPLICATE_METHOD_MATCH = YES;
				COPY_PHASE_STRIP = NO;
				DEBUG_INFORMATION_FORMAT = "dwarf-with-dsym";
				ENABLE_NS_ASSERTIONS = NO;
				ENABLE_STRICT_OBJC_MSGSEND = YES;
				ENABLE_USER_SCRIPT_SANDBOXING = YES;
				GCC_C_LANGUAGE_STANDARD = gnu17;
				GCC_NO_COMMON_BLOCKS = YES;
				GCC_WARN_64_TO_32_BIT_CONVERSION = YES;
				GCC_WARN_ABOUT_RETURN_TYPE = YES_ERROR;
				GCC_WARN_UNDECLARED_SELECTOR = YES;
				GCC_WARN_UNINITIALIZED_AUTOS = YES_AGGRESSIVE;
				GCC_WARN_UNUSED_FUNCTION = YES;
				GCC_WARN_UNUSED_VARIABLE = YES;
				IPHONEOS_DEPLOYMENT_TARGET = 17.5;
				LOCALIZATION_PREFERS_STRING_CATALOGS = YES;
				MTL_ENABLE_DEBUG_INFO = NO;
				MTL_FAST_MATH = YES;
				SDKROOT = iphoneos;
				SWIFT_COMPILATION_MODE = wholemodule;
				VALIDATE_PRODUCT = YES;
			};
			name = Release;
		};
		BD06327C2D22C1F000571AE1 /* Debug */ = {
			isa = XCBuildConfiguration;
			buildSettings = {
				ASSETCATALOG_COMPILER_APPICON_NAME = AppIcon;
				ASSETCATALOG_COMPILER_GLOBAL_ACCENT_COLOR_NAME = AccentColor;
				CODE_SIGN_STYLE = Automatic;
				CURRENT_PROJECT_VERSION = 1;
				DEVELOPMENT_ASSET_PATHS = "\"FoodApp/Preview Content\"";
				ENABLE_PREVIEWS = YES;
				GENERATE_INFOPLIST_FILE = YES;
				INFOPLIST_KEY_UIApplicationSceneManifest_Generation = YES;
				INFOPLIST_KEY_UIApplicationSupportsIndirectInputEvents = YES;
				INFOPLIST_KEY_UILaunchScreen_Generation = YES;
				INFOPLIST_KEY_UISupportedInterfaceOrientations_iPad = "UIInterfaceOrientationPortrait UIInterfaceOrientationPortraitUpsideDown UIInterfaceOrientationLandscapeLeft UIInterfaceOrientationLandscapeRight";
				INFOPLIST_KEY_UISupportedInterfaceOrientations_iPhone = "Portrait\\ (UIInterfaceOrientationPortrait)";
				INFOPLIST_KEY_UIUserInterfaceStyle = Light;
				IPHONEOS_DEPLOYMENT_TARGET = 16.0;
				LD_RUNPATH_SEARCH_PATHS = (
					"$(inherited)",
					"@executable_path/Frameworks",
				);
				MARKETING_VERSION = 1.0;
				PRODUCT_BUNDLE_IDENTIFIER = com.FoodApp;
				PRODUCT_NAME = "$(TARGET_NAME)";
				SWIFT_EMIT_LOC_STRINGS = YES;
				SWIFT_VERSION = 5.0;
				TARGETED_DEVICE_FAMILY = "1,2";
			};
			name = Debug;
		};
		BD06327D2D22C1F000571AE1 /* Release */ = {
			isa = XCBuildConfiguration;
			buildSettings = {
				ASSETCATALOG_COMPILER_APPICON_NAME = AppIcon;
				ASSETCATALOG_COMPILER_GLOBAL_ACCENT_COLOR_NAME = AccentColor;
				CODE_SIGN_STYLE = Automatic;
				CURRENT_PROJECT_VERSION = 1;
				DEVELOPMENT_ASSET_PATHS = "\"FoodApp/Preview Content\"";
				ENABLE_PREVIEWS = YES;
				GENERATE_INFOPLIST_FILE = YES;
				INFOPLIST_KEY_UIApplicationSceneManifest_Generation = YES;
				INFOPLIST_KEY_UIApplicationSupportsIndirectInputEvents = YES;
				INFOPLIST_KEY_UILaunchScreen_Generation = YES;
				INFOPLIST_KEY_UISupportedInterfaceOrientations_iPad = "UIInterfaceOrientationPortrait UIInterfaceOrientationPortraitUpsideDown UIInterfaceOrientationLandscapeLeft UIInterfaceOrientationLandscapeRight";
				INFOPLIST_KEY_UISupportedInterfaceOrientations_iPhone = "Portrait\\ (UIInterfaceOrientationPortrait)";
				INFOPLIST_KEY_UIUserInterfaceStyle = Light;
				IPHONEOS_DEPLOYMENT_TARGET = 16.0;
				LD_RUNPATH_SEARCH_PATHS = (
					"$(inherited)",
					"@executable_path/Frameworks",
				);
				MARKETING_VERSION = 1.0;
				PRODUCT_BUNDLE_IDENTIFIER = com.FoodApp;
				PRODUCT_NAME = "$(TARGET_NAME)";
				SWIFT_EMIT_LOC_STRINGS = YES;
				SWIFT_VERSION = 5.0;
				TARGETED_DEVICE_FAMILY = "1,2";
			};
			name = Release;
		};
/* End XCBuildConfiguration section */

/* Begin XCConfigurationList section */
		BD0632682D22C1EC00571AE1 /* Build configuration list for PBXProject "FoodApp" */ = {
			isa = XCConfigurationList;
			buildConfigurations = (
				BD0632792D22C1F000571AE1 /* Debug */,
				BD06327A2D22C1F000571AE1 /* Release */,
			);
			defaultConfigurationIsVisible = 0;
			defaultConfigurationName = Release;
		};
		BD06327B2D22C1F000571AE1 /* Build configuration list for PBXNativeTarget "FoodApp" */ = {
			isa = XCConfigurationList;
			buildConfigurations = (
				BD06327C2D22C1F000571AE1 /* Debug */,
				BD06327D2D22C1F000571AE1 /* Release */,
			);
			defaultConfigurationIsVisible = 0;
			defaultConfigurationName = Release;
		};
/* End XCConfigurationList section */
	};
	rootObject = BD0632652D22C1EC00571AE1 /* Project object */;
}
