// !$*UTF8*$!
{
	archiveVersion = 1;
	classes = {
	};
	objectVersion = 56;
	objects = {

/* Begin PBXBuildFile section */
		BD3361442D2B92E0008B1299 /* TextStyles.swift in Sources */ = {isa = PBXBuildFile; fileRef = BD3361432D2B92E0008B1299 /* TextStyles.swift */; };
		BD88C8272D27F76800B008A1 /* ContentView.swift in Sources */ = {isa = PBXBuildFile; fileRef = BD88C8242D27F76800B008A1 /* ContentView.swift */; };
		BD88C8282D27F76800B008A1 /* FoodAppApp.swift in Sources */ = {isa = PBXBuildFile; fileRef = BD88C8252D27F76800B008A1 /* FoodAppApp.swift */; };
		BD88C8302D27F76E00B008A1 /* CustomNavigationButton.swift in Sources */ = {isa = PBXBuildFile; fileRef = BD88C82A2D27F76D00B008A1 /* CustomNavigationButton.swift */; };
		BD88C8312D27F76E00B008A1 /* CustomTextField.swift in Sources */ = {isa = PBXBuildFile; fileRef = BD88C82B2D27F76D00B008A1 /* CustomTextField.swift */; };
		BD88C8322D27F76E00B008A1 /* DidntReceiveLinkView.swift in Sources */ = {isa = PBXBuildFile; fileRef = BD88C82C2D27F76D00B008A1 /* DidntReceiveLinkView.swift */; };
		BD88C8332D27F76E00B008A1 /* SocialMediaButton.swift in Sources */ = {isa = PBXBuildFile; fileRef = BD88C82D2D27F76D00B008A1 /* SocialMediaButton.swift */; };
		BD88C83A2D27F77500B008A1 /* AppFonts.swift in Sources */ = {isa = PBXBuildFile; fileRef = BD88C8342D27F77500B008A1 /* AppFonts.swift */; };
		BD88C83B2D27F77500B008A1 /* AppStrings.swift in Sources */ = {isa = PBXBuildFile; fileRef = BD88C8352D27F77500B008A1 /* AppStrings.swift */; };
		BD88C83C2D27F77500B008A1 /* Color + Extention.swift in Sources */ = {isa = PBXBuildFile; fileRef = BD88C8362D27F77500B008A1 /* Color + Extention.swift */; };
		BD88C83D2D27F77500B008A1 /* ImageResources.swift in Sources */ = {isa = PBXBuildFile; fileRef = BD88C8372D27F77500B008A1 /* ImageResources.swift */; };
		BD88C83E2D27F77500B008A1 /* UI + Extention.swift in Sources */ = {isa = PBXBuildFile; fileRef = BD88C8382D27F77500B008A1 /* UI + Extention.swift */; };
		BD88C8712D27F78500B008A1 /* LoginView.swift in Sources */ = {isa = PBXBuildFile; fileRef = BD88C8412D27F78500B008A1 /* LoginView.swift */; };
		BD88C8722D27F78500B008A1 /* LoginViewModel.swift in Sources */ = {isa = PBXBuildFile; fileRef = BD88C8432D27F78500B008A1 /* LoginViewModel.swift */; };
		BD88C8732D27F78500B008A1 /* LoginMainView.swift in Sources */ = {isa = PBXBuildFile; fileRef = BD88C8462D27F78500B008A1 /* LoginMainView.swift */; };
		BD88C8742D27F78500B008A1 /* LoginMainViewModel.swift in Sources */ = {isa = PBXBuildFile; fileRef = BD88C8482D27F78500B008A1 /* LoginMainViewModel.swift */; };
		BD88C8752D27F78500B008A1 /* NewPasswordView.swift in Sources */ = {isa = PBXBuildFile; fileRef = BD88C84B2D27F78500B008A1 /* NewPasswordView.swift */; };
		BD88C8762D27F78500B008A1 /* NewPassordViewModel.swift in Sources */ = {isa = PBXBuildFile; fileRef = BD88C84D2D27F78500B008A1 /* NewPassordViewModel.swift */; };
		BD88C8772D27F78500B008A1 /* OtpView.swift in Sources */ = {isa = PBXBuildFile; fileRef = BD88C8502D27F78500B008A1 /* OtpView.swift */; };
		BD88C8782D27F78500B008A1 /* OTPViewModel.swift in Sources */ = {isa = PBXBuildFile; fileRef = BD88C8522D27F78500B008A1 /* OTPViewModel.swift */; };
		BD88C8792D27F78500B008A1 /* ResetPassView.swift in Sources */ = {isa = PBXBuildFile; fileRef = BD88C8552D27F78500B008A1 /* ResetPassView.swift */; };
		BD88C87A2D27F78500B008A1 /* ResetPassViewModel.swift in Sources */ = {isa = PBXBuildFile; fileRef = BD88C8572D27F78500B008A1 /* ResetPassViewModel.swift */; };
		BD88C87B2D27F78500B008A1 /* SignupView.swift in Sources */ = {isa = PBXBuildFile; fileRef = BD88C85A2D27F78500B008A1 /* SignupView.swift */; };
		BD88C87C2D27F78500B008A1 /* SignupViewModel.swift in Sources */ = {isa = PBXBuildFile; fileRef = BD88C85C2D27F78500B008A1 /* SignupViewModel.swift */; };
		BD88C87D2D27F78500B008A1 /* OnBordingModel.swift in Sources */ = {isa = PBXBuildFile; fileRef = BD88C8602D27F78500B008A1 /* OnBordingModel.swift */; };
		BD88C87E2D27F78500B008A1 /* OnBoardingView.swift in Sources */ = {isa = PBXBuildFile; fileRef = BD88C8622D27F78500B008A1 /* OnBoardingView.swift */; };
		BD88C87F2D27F78500B008A1 /* OnBordingViewModel.swift in Sources */ = {isa = PBXBuildFile; fileRef = BD88C8642D27F78500B008A1 /* OnBordingViewModel.swift */; };
		BD88C8802D27F78500B008A1 /* SplashModel.swift in Sources */ = {isa = PBXBuildFile; fileRef = BD88C8672D27F78500B008A1 /* SplashModel.swift */; };
		BD88C8812D27F78500B008A1 /* SplashScreen.swift in Sources */ = {isa = PBXBuildFile; fileRef = BD88C8692D27F78500B008A1 /* SplashScreen.swift */; };
		BD88C8822D27F78500B008A1 /* SplashViewModel.swift in Sources */ = {isa = PBXBuildFile; fileRef = BD88C86B2D27F78500B008A1 /* SplashViewModel.swift */; };
		BD88C8832D27F78500B008A1 /* TabView.swift in Sources */ = {isa = PBXBuildFile; fileRef = BD88C86E2D27F78500B008A1 /* TabView.swift */; };
		BD88C8862D27F79600B008A1 /* Preview Assets.xcassets in Resources */ = {isa = PBXBuildFile; fileRef = BD88C8842D27F79600B008A1 /* Preview Assets.xcassets */; };
		BD88C8892D27F79C00B008A1 /* Assets.xcassets in Resources */ = {isa = PBXBuildFile; fileRef = BD88C8872D27F79C00B008A1 /* Assets.xcassets */; };
		BD88C8912D27F7A300B008A1 /* AuthRoute.swift in Sources */ = {isa = PBXBuildFile; fileRef = BD88C88A2D27F7A300B008A1 /* AuthRoute.swift */; };
		BD88C8922D27F7A300B008A1 /* MainRoute.swift in Sources */ = {isa = PBXBuildFile; fileRef = BD88C88B2D27F7A300B008A1 /* MainRoute.swift */; };
		BD88C8932D27F7A300B008A1 /* SplashRoute.swift in Sources */ = {isa = PBXBuildFile; fileRef = BD88C88C2D27F7A300B008A1 /* SplashRoute.swift */; };
		BD88C8942D27F7A300B008A1 /* NavigationService.swift in Sources */ = {isa = PBXBuildFile; fileRef = BD88C88E2D27F7A300B008A1 /* NavigationService.swift */; };
		BD88C8952D27F7A300B008A1 /* Routes.swift in Sources */ = {isa = PBXBuildFile; fileRef = BD88C88F2D27F7A300B008A1 /* Routes.swift */; };
		BD88C8992D2962E600B008A1 /* ValidationUtils.swift in Sources */ = {isa = PBXBuildFile; fileRef = BD88C8982D2962E600B008A1 /* ValidationUtils.swift */; };
		BD88C89B2D29639200B008A1 /* AlertView.swift in Sources */ = {isa = PBXBuildFile; fileRef = BD88C89A2D29639100B008A1 /* AlertView.swift */; };
/* End PBXBuildFile section */

/* Begin PBXFileReference section */
		BD06326D2D22C1EC00571AE1 /* FoodApp.app */ = {isa = PBXFileReference; explicitFileType = wrapper.application; includeInIndex = 0; path = FoodApp.app; sourceTree = BUILT_PRODUCTS_DIR; };
		BD3361432D2B92E0008B1299 /* TextStyles.swift */ = {isa = PBXFileReference; lastKnownFileType = sourcecode.swift; path = TextStyles.swift; sourceTree = "<group>"; };
		BD88C8242D27F76800B008A1 /* ContentView.swift */ = {isa = PBXFileReference; fileEncoding = 4; lastKnownFileType = sourcecode.swift; path = ContentView.swift; sourceTree = "<group>"; };
		BD88C8252D27F76800B008A1 /* FoodAppApp.swift */ = {isa = PBXFileReference; fileEncoding = 4; lastKnownFileType = sourcecode.swift; path = FoodAppApp.swift; sourceTree = "<group>"; };
		BD88C82A2D27F76D00B008A1 /* CustomNavigationButton.swift */ = {isa = PBXFileReference; fileEncoding = 4; lastKnownFileType = sourcecode.swift; path = CustomNavigationButton.swift; sourceTree = "<group>"; };
		BD88C82B2D27F76D00B008A1 /* CustomTextField.swift */ = {isa = PBXFileReference; fileEncoding = 4; lastKnownFileType = sourcecode.swift; path = CustomTextField.swift; sourceTree = "<group>"; };
		BD88C82C2D27F76D00B008A1 /* DidntReceiveLinkView.swift */ = {isa = PBXFileReference; fileEncoding = 4; lastKnownFileType = sourcecode.swift; path = DidntReceiveLinkView.swift; sourceTree = "<group>"; };
		BD88C82D2D27F76D00B008A1 /* SocialMediaButton.swift */ = {isa = PBXFileReference; fileEncoding = 4; lastKnownFileType = sourcecode.swift; path = SocialMediaButton.swift; sourceTree = "<group>"; };
		BD88C8342D27F77500B008A1 /* AppFonts.swift */ = {isa = PBXFileReference; fileEncoding = 4; lastKnownFileType = sourcecode.swift; path = AppFonts.swift; sourceTree = "<group>"; };
		BD88C8352D27F77500B008A1 /* AppStrings.swift */ = {isa = PBXFileReference; fileEncoding = 4; lastKnownFileType = sourcecode.swift; path = AppStrings.swift; sourceTree = "<group>"; };
		BD88C8362D27F77500B008A1 /* Color + Extention.swift */ = {isa = PBXFileReference; fileEncoding = 4; lastKnownFileType = sourcecode.swift; path = "Color + Extention.swift"; sourceTree = "<group>"; };
		BD88C8372D27F77500B008A1 /* ImageResources.swift */ = {isa = PBXFileReference; fileEncoding = 4; lastKnownFileType = sourcecode.swift; path = ImageResources.swift; sourceTree = "<group>"; };
		BD88C8382D27F77500B008A1 /* UI + Extention.swift */ = {isa = PBXFileReference; fileEncoding = 4; lastKnownFileType = sourcecode.swift; path = "UI + Extention.swift"; sourceTree = "<group>"; };
		BD88C8412D27F78500B008A1 /* LoginView.swift */ = {isa = PBXFileReference; fileEncoding = 4; lastKnownFileType = sourcecode.swift; path = LoginView.swift; sourceTree = "<group>"; };
		BD88C8432D27F78500B008A1 /* LoginViewModel.swift */ = {isa = PBXFileReference; fileEncoding = 4; lastKnownFileType = sourcecode.swift; path = LoginViewModel.swift; sourceTree = "<group>"; };
		BD88C8462D27F78500B008A1 /* LoginMainView.swift */ = {isa = PBXFileReference; fileEncoding = 4; lastKnownFileType = sourcecode.swift; path = LoginMainView.swift; sourceTree = "<group>"; };
		BD88C8482D27F78500B008A1 /* LoginMainViewModel.swift */ = {isa = PBXFileReference; fileEncoding = 4; lastKnownFileType = sourcecode.swift; path = LoginMainViewModel.swift; sourceTree = "<group>"; };
		BD88C84B2D27F78500B008A1 /* NewPasswordView.swift */ = {isa = PBXFileReference; fileEncoding = 4; lastKnownFileType = sourcecode.swift; path = NewPasswordView.swift; sourceTree = "<group>"; };
		BD88C84D2D27F78500B008A1 /* NewPassordViewModel.swift */ = {isa = PBXFileReference; fileEncoding = 4; lastKnownFileType = sourcecode.swift; path = NewPassordViewModel.swift; sourceTree = "<group>"; };
		BD88C8502D27F78500B008A1 /* OtpView.swift */ = {isa = PBXFileReference; fileEncoding = 4; lastKnownFileType = sourcecode.swift; path = OtpView.swift; sourceTree = "<group>"; };
		BD88C8522D27F78500B008A1 /* OTPViewModel.swift */ = {isa = PBXFileReference; fileEncoding = 4; lastKnownFileType = sourcecode.swift; path = OTPViewModel.swift; sourceTree = "<group>"; };
		BD88C8552D27F78500B008A1 /* ResetPassView.swift */ = {isa = PBXFileReference; fileEncoding = 4; lastKnownFileType = sourcecode.swift; path = ResetPassView.swift; sourceTree = "<group>"; };
		BD88C8572D27F78500B008A1 /* ResetPassViewModel.swift */ = {isa = PBXFileReference; fileEncoding = 4; lastKnownFileType = sourcecode.swift; path = ResetPassViewModel.swift; sourceTree = "<group>"; };
		BD88C85A2D27F78500B008A1 /* SignupView.swift */ = {isa = PBXFileReference; fileEncoding = 4; lastKnownFileType = sourcecode.swift; path = SignupView.swift; sourceTree = "<group>"; };
		BD88C85C2D27F78500B008A1 /* SignupViewModel.swift */ = {isa = PBXFileReference; fileEncoding = 4; lastKnownFileType = sourcecode.swift; path = SignupViewModel.swift; sourceTree = "<group>"; };
		BD88C8602D27F78500B008A1 /* OnBordingModel.swift */ = {isa = PBXFileReference; fileEncoding = 4; lastKnownFileType = sourcecode.swift; path = OnBordingModel.swift; sourceTree = "<group>"; };
		BD88C8622D27F78500B008A1 /* OnBoardingView.swift */ = {isa = PBXFileReference; fileEncoding = 4; lastKnownFileType = sourcecode.swift; path = OnBoardingView.swift; sourceTree = "<group>"; };
		BD88C8642D27F78500B008A1 /* OnBordingViewModel.swift */ = {isa = PBXFileReference; fileEncoding = 4; lastKnownFileType = sourcecode.swift; path = OnBordingViewModel.swift; sourceTree = "<group>"; };
		BD88C8672D27F78500B008A1 /* SplashModel.swift */ = {isa = PBXFileReference; fileEncoding = 4; lastKnownFileType = sourcecode.swift; path = SplashModel.swift; sourceTree = "<group>"; };
		BD88C8692D27F78500B008A1 /* SplashScreen.swift */ = {isa = PBXFileReference; fileEncoding = 4; lastKnownFileType = sourcecode.swift; path = SplashScreen.swift; sourceTree = "<group>"; };
		BD88C86B2D27F78500B008A1 /* SplashViewModel.swift */ = {isa = PBXFileReference; fileEncoding = 4; lastKnownFileType = sourcecode.swift; path = SplashViewModel.swift; sourceTree = "<group>"; };
		BD88C86E2D27F78500B008A1 /* TabView.swift */ = {isa = PBXFileReference; fileEncoding = 4; lastKnownFileType = sourcecode.swift; path = TabView.swift; sourceTree = "<group>"; };
		BD88C8842D27F79600B008A1 /* Preview Assets.xcassets */ = {isa = PBXFileReference; lastKnownFileType = folder.assetcatalog; path = "Preview Assets.xcassets"; sourceTree = "<group>"; };
		BD88C8872D27F79C00B008A1 /* Assets.xcassets */ = {isa = PBXFileReference; lastKnownFileType = folder.assetcatalog; path = Assets.xcassets; sourceTree = "<group>"; };
		BD88C88A2D27F7A300B008A1 /* AuthRoute.swift */ = {isa = PBXFileReference; fileEncoding = 4; lastKnownFileType = sourcecode.swift; path = AuthRoute.swift; sourceTree = "<group>"; };
		BD88C88B2D27F7A300B008A1 /* MainRoute.swift */ = {isa = PBXFileReference; fileEncoding = 4; lastKnownFileType = sourcecode.swift; path = MainRoute.swift; sourceTree = "<group>"; };
		BD88C88C2D27F7A300B008A1 /* SplashRoute.swift */ = {isa = PBXFileReference; fileEncoding = 4; lastKnownFileType = sourcecode.swift; path = SplashRoute.swift; sourceTree = "<group>"; };
		BD88C88E2D27F7A300B008A1 /* NavigationService.swift */ = {isa = PBXFileReference; fileEncoding = 4; lastKnownFileType = sourcecode.swift; path = NavigationService.swift; sourceTree = "<group>"; };
		BD88C88F2D27F7A300B008A1 /* Routes.swift */ = {isa = PBXFileReference; fileEncoding = 4; lastKnownFileType = sourcecode.swift; path = Routes.swift; sourceTree = "<group>"; };
		BD88C8962D27FAD100B008A1 /* Info.plist */ = {isa = PBXFileReference; lastKnownFileType = text.plist; path = Info.plist; sourceTree = "<group>"; };
		BD88C8982D2962E600B008A1 /* ValidationUtils.swift */ = {isa = PBXFileReference; lastKnownFileType = sourcecode.swift; path = ValidationUtils.swift; sourceTree = "<group>"; };
		BD88C89A2D29639100B008A1 /* AlertView.swift */ = {isa = PBXFileReference; lastKnownFileType = sourcecode.swift; path = AlertView.swift; sourceTree = "<group>"; };
/* End PBXFileReference section */

/* Begin PBXFrameworksBuildPhase section */
		BD06326A2D22C1EC00571AE1 /* Frameworks */ = {
			isa = PBXFrameworksBuildPhase;
			buildActionMask = 2147483647;
			files = (
			);
			runOnlyForDeploymentPostprocessing = 0;
		};
/* End PBXFrameworksBuildPhase section */

/* Begin PBXGroup section */
		BD0632642D22C1EC00571AE1 = {
			isa = PBXGroup;
			children = (
				BD06326F2D22C1EC00571AE1 /* FoodApp */,
				BD06326E2D22C1EC00571AE1 /* Products */,
			);
			sourceTree = "<group>";
		};
		BD06326E2D22C1EC00571AE1 /* Products */ = {
			isa = PBXGroup;
			children = (
				BD06326D2D22C1EC00571AE1 /* FoodApp.app */,
			);
			name = Products;
			sourceTree = "<group>";
		};
		BD06326F2D22C1EC00571AE1 /* FoodApp */ = {
			isa = PBXGroup;
			children = (
				BD88C8972D2962D400B008A1 /* Uitility */,
				BD88C8962D27FAD100B008A1 /* Info.plist */,
				BD88C8902D27F7A300B008A1 /* Services */,
				BD88C8852D27F79600B008A1 /* Preview Content */,
				BD88C8702D27F78500B008A1 /* Module */,
				BD88C8392D27F77500B008A1 /* Helper */,
				BD88C82E2D27F76D00B008A1 /* CommonComponent */,
				BD88C8882D27F79C00B008A1 /* Resource */,
				BD88C8262D27F76800B008A1 /* App */,
			);
			path = FoodApp;
			sourceTree = "<group>";
		};
		BD88C8262D27F76800B008A1 /* App */ = {
			isa = PBXGroup;
			children = (
				BD88C8242D27F76800B008A1 /* ContentView.swift */,
				BD88C8252D27F76800B008A1 /* FoodAppApp.swift */,
			);
			path = App;
			sourceTree = "<group>";
		};
		BD88C82E2D27F76D00B008A1 /* CommonComponent */ = {
			isa = PBXGroup;
			children = (
				BD88C82A2D27F76D00B008A1 /* CustomNavigationButton.swift */,
				BD88C82B2D27F76D00B008A1 /* CustomTextField.swift */,
				BD88C82C2D27F76D00B008A1 /* DidntReceiveLinkView.swift */,
				BD88C82D2D27F76D00B008A1 /* SocialMediaButton.swift */,
				BD88C89A2D29639100B008A1 /* AlertView.swift */,
			);
			path = CommonComponent;
			sourceTree = "<group>";
		};
		BD88C8392D27F77500B008A1 /* Helper */ = {
			isa = PBXGroup;
			children = (
				BD88C8342D27F77500B008A1 /* AppFonts.swift */,
				BD88C8352D27F77500B008A1 /* AppStrings.swift */,
				BD88C8362D27F77500B008A1 /* Color + Extention.swift */,
				BD88C8372D27F77500B008A1 /* ImageResources.swift */,
				BD88C8382D27F77500B008A1 /* UI + Extention.swift */,
				BD3361432D2B92E0008B1299 /* TextStyles.swift */,
			);
			path = Helper;
			sourceTree = "<group>";
		};
		BD88C8422D27F78500B008A1 /* View */ = {
			isa = PBXGroup;
			children = (
				BD88C8412D27F78500B008A1 /* LoginView.swift */,
			);
			path = View;
			sourceTree = "<group>";
		};
		BD88C8442D27F78500B008A1 /* ViewModel */ = {
			isa = PBXGroup;
			children = (
				BD88C8432D27F78500B008A1 /* LoginViewModel.swift */,
			);
			path = ViewModel;
			sourceTree = "<group>";
		};
		BD88C8452D27F78500B008A1 /* Login */ = {
			isa = PBXGroup;
			children = (
				BD88C8422D27F78500B008A1 /* View */,
				BD88C8442D27F78500B008A1 /* ViewModel */,
			);
			path = Login;
			sourceTree = "<group>";
		};
		BD88C8472D27F78500B008A1 /* View */ = {
			isa = PBXGroup;
			children = (
				BD88C8462D27F78500B008A1 /* LoginMainView.swift */,
			);
			path = View;
			sourceTree = "<group>";
		};
		BD88C8492D27F78500B008A1 /* ViewModel */ = {
			isa = PBXGroup;
			children = (
				BD88C8482D27F78500B008A1 /* LoginMainViewModel.swift */,
			);
			path = ViewModel;
			sourceTree = "<group>";
		};
		BD88C84A2D27F78500B008A1 /* LoginMain */ = {
			isa = PBXGroup;
			children = (
				BD88C8472D27F78500B008A1 /* View */,
				BD88C8492D27F78500B008A1 /* ViewModel */,
			);
			path = LoginMain;
			sourceTree = "<group>";
		};
		BD88C84C2D27F78500B008A1 /* View */ = {
			isa = PBXGroup;
			children = (
				BD88C84B2D27F78500B008A1 /* NewPasswordView.swift */,
			);
			path = View;
			sourceTree = "<group>";
		};
		BD88C84E2D27F78500B008A1 /* ViewModel */ = {
			isa = PBXGroup;
			children = (
				BD88C84D2D27F78500B008A1 /* NewPassordViewModel.swift */,
			);
			path = ViewModel;
			sourceTree = "<group>";
		};
		BD88C84F2D27F78500B008A1 /* NewPassword */ = {
			isa = PBXGroup;
			children = (
				BD88C84C2D27F78500B008A1 /* View */,
				BD88C84E2D27F78500B008A1 /* ViewModel */,
			);
			path = NewPassword;
			sourceTree = "<group>";
		};
		BD88C8512D27F78500B008A1 /* View */ = {
			isa = PBXGroup;
			children = (
				BD88C8502D27F78500B008A1 /* OtpView.swift */,
			);
			path = View;
			sourceTree = "<group>";
		};
		BD88C8532D27F78500B008A1 /* ViewModel */ = {
			isa = PBXGroup;
			children = (
				BD88C8522D27F78500B008A1 /* OTPViewModel.swift */,
			);
			path = ViewModel;
			sourceTree = "<group>";
		};
		BD88C8542D27F78500B008A1 /* OtpView */ = {
			isa = PBXGroup;
			children = (
				BD88C8512D27F78500B008A1 /* View */,
				BD88C8532D27F78500B008A1 /* ViewModel */,
			);
			path = OtpView;
			sourceTree = "<group>";
		};
		BD88C8562D27F78500B008A1 /* View */ = {
			isa = PBXGroup;
			children = (
				BD88C8552D27F78500B008A1 /* ResetPassView.swift */,
			);
			path = View;
			sourceTree = "<group>";
		};
		BD88C8582D27F78500B008A1 /* ViewModel */ = {
			isa = PBXGroup;
			children = (
				BD88C8572D27F78500B008A1 /* ResetPassViewModel.swift */,
			);
			path = ViewModel;
			sourceTree = "<group>";
		};
		BD88C8592D27F78500B008A1 /* ResetPassword */ = {
			isa = PBXGroup;
			children = (
				BD88C8562D27F78500B008A1 /* View */,
				BD88C8582D27F78500B008A1 /* ViewModel */,
			);
			path = ResetPassword;
			sourceTree = "<group>";
		};
		BD88C85B2D27F78500B008A1 /* View */ = {
			isa = PBXGroup;
			children = (
				BD88C85A2D27F78500B008A1 /* SignupView.swift */,
			);
			path = View;
			sourceTree = "<group>";
		};
		BD88C85D2D27F78500B008A1 /* ViewModel */ = {
			isa = PBXGroup;
			children = (
				BD88C85C2D27F78500B008A1 /* SignupViewModel.swift */,
			);
			path = ViewModel;
			sourceTree = "<group>";
		};
		BD88C85E2D27F78500B008A1 /* Signup */ = {
			isa = PBXGroup;
			children = (
				BD88C85B2D27F78500B008A1 /* View */,
				BD88C85D2D27F78500B008A1 /* ViewModel */,
			);
			path = Signup;
			sourceTree = "<group>";
		};
		BD88C85F2D27F78500B008A1 /* Auth */ = {
			isa = PBXGroup;
			children = (
				BD88C8452D27F78500B008A1 /* Login */,
				BD88C84A2D27F78500B008A1 /* LoginMain */,
				BD88C84F2D27F78500B008A1 /* NewPassword */,
				BD88C8542D27F78500B008A1 /* OtpView */,
				BD88C8592D27F78500B008A1 /* ResetPassword */,
				BD88C85E2D27F78500B008A1 /* Signup */,
			);
			path = Auth;
			sourceTree = "<group>";
		};
		BD88C8612D27F78500B008A1 /* Model */ = {
			isa = PBXGroup;
			children = (
				BD88C8602D27F78500B008A1 /* OnBordingModel.swift */,
			);
			path = Model;
			sourceTree = "<group>";
		};
		BD88C8632D27F78500B008A1 /* View */ = {
			isa = PBXGroup;
			children = (
				BD88C8622D27F78500B008A1 /* OnBoardingView.swift */,
			);
			path = View;
			sourceTree = "<group>";
		};
		BD88C8652D27F78500B008A1 /* ViewModel */ = {
			isa = PBXGroup;
			children = (
				BD88C8642D27F78500B008A1 /* OnBordingViewModel.swift */,
			);
			path = ViewModel;
			sourceTree = "<group>";
		};
		BD88C8662D27F78500B008A1 /* OnBording */ = {
			isa = PBXGroup;
			children = (
				BD88C8612D27F78500B008A1 /* Model */,
				BD88C8632D27F78500B008A1 /* View */,
				BD88C8652D27F78500B008A1 /* ViewModel */,
			);
			path = OnBording;
			sourceTree = "<group>";
		};
		BD88C8682D27F78500B008A1 /* Model */ = {
			isa = PBXGroup;
			children = (
				BD88C8672D27F78500B008A1 /* SplashModel.swift */,
			);
			path = Model;
			sourceTree = "<group>";
		};
		BD88C86A2D27F78500B008A1 /* View */ = {
			isa = PBXGroup;
			children = (
				BD88C8692D27F78500B008A1 /* SplashScreen.swift */,
			);
			path = View;
			sourceTree = "<group>";
		};
		BD88C86C2D27F78500B008A1 /* ViewModel */ = {
			isa = PBXGroup;
			children = (
				BD88C86B2D27F78500B008A1 /* SplashViewModel.swift */,
			);
			path = ViewModel;
			sourceTree = "<group>";
		};
		BD88C86D2D27F78500B008A1 /* Splash */ = {
			isa = PBXGroup;
			children = (
				BD88C8682D27F78500B008A1 /* Model */,
				BD88C86A2D27F78500B008A1 /* View */,
				BD88C86C2D27F78500B008A1 /* ViewModel */,
			);
			path = Splash;
			sourceTree = "<group>";
		};
		BD88C86F2D27F78500B008A1 /* TabView */ = {
			isa = PBXGroup;
			children = (
				BD88C86E2D27F78500B008A1 /* TabView.swift */,
			);
			path = TabView;
			sourceTree = "<group>";
		};
		BD88C8702D27F78500B008A1 /* Module */ = {
			isa = PBXGroup;
			children = (
				BD88C85F2D27F78500B008A1 /* Auth */,
				BD88C8662D27F78500B008A1 /* OnBording */,
				BD88C86D2D27F78500B008A1 /* Splash */,
				BD88C86F2D27F78500B008A1 /* TabView */,
			);
			path = Module;
			sourceTree = "<group>";
		};
		BD88C8852D27F79600B008A1 /* Preview Content */ = {
			isa = PBXGroup;
			children = (
				BD88C8842D27F79600B008A1 /* Preview Assets.xcassets */,
			);
			path = "Preview Content";
			sourceTree = "<group>";
		};
		BD88C8882D27F79C00B008A1 /* Resource */ = {
			isa = PBXGroup;
			children = (
				BD88C8872D27F79C00B008A1 /* Assets.xcassets */,
			);
			path = Resource;
			sourceTree = "<group>";
		};
		BD88C88D2D27F7A300B008A1 /* Routes */ = {
			isa = PBXGroup;
			children = (
				BD88C88A2D27F7A300B008A1 /* AuthRoute.swift */,
				BD88C88B2D27F7A300B008A1 /* MainRoute.swift */,
				BD88C88C2D27F7A300B008A1 /* SplashRoute.swift */,
			);
			path = Routes;
			sourceTree = "<group>";
		};
		BD88C8902D27F7A300B008A1 /* Services */ = {
			isa = PBXGroup;
			children = (
				BD88C88D2D27F7A300B008A1 /* Routes */,
				BD88C88E2D27F7A300B008A1 /* NavigationService.swift */,
				BD88C88F2D27F7A300B008A1 /* Routes.swift */,
			);
			path = Services;
			sourceTree = "<group>";
		};
		BD88C8972D2962D400B008A1 /* Uitility */ = {
			isa = PBXGroup;
			children = (
				BD88C8982D2962E600B008A1 /* ValidationUtils.swift */,
			);
			path = Uitility;
			sourceTree = "<group>";
		};
/* End PBXGroup section */

/* Begin PBXNativeTarget section */
		BD06326C2D22C1EC00571AE1 /* FoodApp */ = {
			isa = PBXNativeTarget;
			buildConfigurationList = BD06327B2D22C1F000571AE1 /* Build configuration list for PBXNativeTarget "FoodApp" */;
			buildPhases = (
				BD0632692D22C1EC00571AE1 /* Sources */,
				BD06326A2D22C1EC00571AE1 /* Frameworks */,
				BD06326B2D22C1EC00571AE1 /* Resources */,
			);
			buildRules = (
			);
			dependencies = (
			);
			name = FoodApp;
			productName = FoodApp;
			productReference = BD06326D2D22C1EC00571AE1 /* FoodApp.app */;
			productType = "com.apple.product-type.application";
		};
/* End PBXNativeTarget section */

/* Begin PBXProject section */
		BD0632652D22C1EC00571AE1 /* Project object */ = {
			isa = PBXProject;
			attributes = {
				BuildIndependentTargetsInParallel = 1;
				LastSwiftUpdateCheck = 1540;
				LastUpgradeCheck = 1540;
				TargetAttributes = {
					BD06326C2D22C1EC00571AE1 = {
						CreatedOnToolsVersion = 15.4;
					};
				};
			};
			buildConfigurationList = BD0632682D22C1EC00571AE1 /* Build configuration list for PBXProject "FoodApp" */;
			compatibilityVersion = "Xcode 14.0";
			developmentRegion = en;
			hasScannedForEncodings = 0;
			knownRegions = (
				en,
				Base,
			);
			mainGroup = BD0632642D22C1EC00571AE1;
			productRefGroup = BD06326E2D22C1EC00571AE1 /* Products */;
			projectDirPath = "";
			projectRoot = "";
			targets = (
				BD06326C2D22C1EC00571AE1 /* FoodApp */,
			);
		};
/* End PBXProject section */

/* Begin PBXResourcesBuildPhase section */
		BD06326B2D22C1EC00571AE1 /* Resources */ = {
			isa = PBXResourcesBuildPhase;
			buildActionMask = 2147483647;
			files = (
				BD88C8862D27F79600B008A1 /* Preview Assets.xcassets in Resources */,
				BD88C8892D27F79C00B008A1 /* Assets.xcassets in Resources */,
			);
			runOnlyForDeploymentPostprocessing = 0;
		};
/* End PBXResourcesBuildPhase section */

/* Begin PBXSourcesBuildPhase section */
		BD0632692D22C1EC00571AE1 /* Sources */ = {
			isa = PBXSourcesBuildPhase;
			buildActionMask = 2147483647;
			files = (
				BD88C87B2D27F78500B008A1 /* SignupView.swift in Sources */,
				BD88C89B2D29639200B008A1 /* AlertView.swift in Sources */,
				BD88C8942D27F7A300B008A1 /* NavigationService.swift in Sources */,
				BD88C8912D27F7A300B008A1 /* AuthRoute.swift in Sources */,
				BD88C8752D27F78500B008A1 /* NewPasswordView.swift in Sources */,
				BD88C8802D27F78500B008A1 /* SplashModel.swift in Sources */,
				BD88C8282D27F76800B008A1 /* FoodAppApp.swift in Sources */,
				BD88C8922D27F7A300B008A1 /* MainRoute.swift in Sources */,
				BD88C8932D27F7A300B008A1 /* SplashRoute.swift in Sources */,
				BD88C87F2D27F78500B008A1 /* OnBordingViewModel.swift in Sources */,
				BD88C87E2D27F78500B008A1 /* OnBoardingView.swift in Sources */,
				BD88C8792D27F78500B008A1 /* ResetPassView.swift in Sources */,
				BD88C8722D27F78500B008A1 /* LoginViewModel.swift in Sources */,
				BD88C83A2D27F77500B008A1 /* AppFonts.swift in Sources */,
				BD88C8272D27F76800B008A1 /* ContentView.swift in Sources */,
				BD88C8322D27F76E00B008A1 /* DidntReceiveLinkView.swift in Sources */,
				BD88C8742D27F78500B008A1 /* LoginMainViewModel.swift in Sources */,
				BD88C83E2D27F77500B008A1 /* UI + Extention.swift in Sources */,
				BD88C8832D27F78500B008A1 /* TabView.swift in Sources */,
				BD88C87A2D27F78500B008A1 /* ResetPassViewModel.swift in Sources */,
				BD88C8812D27F78500B008A1 /* SplashScreen.swift in Sources */,
				BD88C87D2D27F78500B008A1 /* OnBordingModel.swift in Sources */,
				BD88C87C2D27F78500B008A1 /* SignupViewModel.swift in Sources */,
				BD88C83B2D27F77500B008A1 /* AppStrings.swift in Sources */,
				BD88C8952D27F7A300B008A1 /* Routes.swift in Sources */,
				BD88C8762D27F78500B008A1 /* NewPassordViewModel.swift in Sources */,
				BD88C83C2D27F77500B008A1 /* Color + Extention.swift in Sources */,
				BD88C8332D27F76E00B008A1 /* SocialMediaButton.swift in Sources */,
				BD88C8302D27F76E00B008A1 /* CustomNavigationButton.swift in Sources */,
				BD88C8312D27F76E00B008A1 /* CustomTextField.swift in Sources */,
				BD88C8772D27F78500B008A1 /* OtpView.swift in Sources */,
				BD88C8732D27F78500B008A1 /* LoginMainView.swift in Sources */,
				BD3361442D2B92E0008B1299 /* TextStyles.swift in Sources */,
				BD88C8822D27F78500B008A1 /* SplashViewModel.swift in Sources */,
				BD88C8992D2962E600B008A1 /* ValidationUtils.swift in Sources */,
				BD88C8712D27F78500B008A1 /* LoginView.swift in Sources */,
				BD88C83D2D27F77500B008A1 /* ImageResources.swift in Sources */,
				BD88C8782D27F78500B008A1 /* OTPViewModel.swift in Sources */,
			);
			runOnlyForDeploymentPostprocessing = 0;
		};
/* End PBXSourcesBuildPhase section */

/* Begin XCBuildConfiguration section */
		BD0632792D22C1F000571AE1 /* Debug */ = {
			isa = XCBuildConfiguration;
			buildSettings = {
				ALWAYS_SEARCH_USER_PATHS = NO;
				ASSETCATALOG_COMPILER_GENERATE_SWIFT_ASSET_SYMBOL_EXTENSIONS = YES;
				CLANG_ANALYZER_NONNULL = YES;
				CLANG_ANALYZER_NUMBER_OBJECT_CONVERSION = YES_AGGRESSIVE;
				CLANG_CXX_LANGUAGE_STANDARD = "gnu++20";
				CLANG_ENABLE_MODULES = YES;
				CLANG_ENABLE_OBJC_ARC = YES;
				CLANG_ENABLE_OBJC_WEAK = YES;
				CLANG_WARN_BLOCK_CAPTURE_AUTORELEASING = YES;
				CLANG_WARN_BOOL_CONVERSION = YES;
				CLANG_WARN_COMMA = YES;
				CLANG_WARN_CONSTANT_CONVERSION = YES;
				CLANG_WARN_DEPRECATED_OBJC_IMPLEMENTATIONS = YES;
				CLANG_WARN_DIRECT_OBJC_ISA_USAGE = YES_ERROR;
				CLANG_WARN_DOCUMENTATION_COMMENTS = YES;
				CLANG_WARN_EMPTY_BODY = YES;
				CLANG_WARN_ENUM_CONVERSION = YES;
				CLANG_WARN_INFINITE_RECURSION = YES;
				CLANG_WARN_INT_CONVERSION = YES;
				CLANG_WARN_NON_LITERAL_NULL_CONVERSION = YES;
				CLANG_WARN_OBJC_IMPLICIT_RETAIN_SELF = YES;
				CLANG_WARN_OBJC_LITERAL_CONVERSION = YES;
				CLANG_WARN_OBJC_ROOT_CLASS = YES_ERROR;
				CLANG_WARN_QUOTED_INCLUDE_IN_FRAMEWORK_HEADER = YES;
				CLANG_WARN_RANGE_LOOP_ANALYSIS = YES;
				CLANG_WARN_STRICT_PROTOTYPES = YES;
				CLANG_WARN_SUSPICIOUS_MOVE = YES;
				CLANG_WARN_UNGUARDED_AVAILABILITY = YES_AGGRESSIVE;
				CLANG_WARN_UNREACHABLE_CODE = YES;
				CLANG_WARN__DUPLICATE_METHOD_MATCH = YES;
				COPY_PHASE_STRIP = NO;
				DEBUG_INFORMATION_FORMAT = dwarf;
				ENABLE_STRICT_OBJC_MSGSEND = YES;
				ENABLE_TESTABILITY = YES;
				ENABLE_USER_SCRIPT_SANDBOXING = YES;
				GCC_C_LANGUAGE_STANDARD = gnu17;
				GCC_DYNAMIC_NO_PIC = NO;
				GCC_NO_COMMON_BLOCKS = YES;
				GCC_OPTIMIZATION_LEVEL = 0;
				GCC_PREPROCESSOR_DEFINITIONS = (
					"DEBUG=1",
					"$(inherited)",
				);
				GCC_WARN_64_TO_32_BIT_CONVERSION = YES;
				GCC_WARN_ABOUT_RETURN_TYPE = YES_ERROR;
				GCC_WARN_UNDECLARED_SELECTOR = YES;
				GCC_WARN_UNINITIALIZED_AUTOS = YES_AGGRESSIVE;
				GCC_WARN_UNUSED_FUNCTION = YES;
				GCC_WARN_UNUSED_VARIABLE = YES;
				IPHONEOS_DEPLOYMENT_TARGET = 17.5;
				LOCALIZATION_PREFERS_STRING_CATALOGS = YES;
				MTL_ENABLE_DEBUG_INFO = INCLUDE_SOURCE;
				MTL_FAST_MATH = YES;
				ONLY_ACTIVE_ARCH = YES;
				SDKROOT = iphoneos;
				SWIFT_ACTIVE_COMPILATION_CONDITIONS = "DEBUG $(inherited)";
				SWIFT_OPTIMIZATION_LEVEL = "-Onone";
			};
			name = Debug;
		};
		BD06327A2D22C1F000571AE1 /* Release */ = {
			isa = XCBuildConfiguration;
			buildSettings = {
				ALWAYS_SEARCH_USER_PATHS = NO;
				ASSETCATALOG_COMPILER_GENERATE_SWIFT_ASSET_SYMBOL_EXTENSIONS = YES;
				CLANG_ANALYZER_NONNULL = YES;
				CLANG_ANALYZER_NUMBER_OBJECT_CONVERSION = YES_AGGRESSIVE;
				CLANG_CXX_LANGUAGE_STANDARD = "gnu++20";
				CLANG_ENABLE_MODULES = YES;
				CLANG_ENABLE_OBJC_ARC = YES;
				CLANG_ENABLE_OBJC_WEAK = YES;
				CLANG_WARN_BLOCK_CAPTURE_AUTORELEASING = YES;
				CLANG_WARN_BOOL_CONVERSION = YES;
				CLANG_WARN_COMMA = YES;
				CLANG_WARN_CONSTANT_CONVERSION = YES;
				CLANG_WARN_DEPRECATED_OBJC_IMPLEMENTATIONS = YES;
				CLANG_WARN_DIRECT_OBJC_ISA_USAGE = YES_ERROR;
				CLANG_WARN_DOCUMENTATION_COMMENTS = YES;
				CLANG_WARN_EMPTY_BODY = YES;
				CLANG_WARN_ENUM_CONVERSION = YES;
				CLANG_WARN_INFINITE_RECURSION = YES;
				CLANG_WARN_INT_CONVERSION = YES;
				CLANG_WARN_NON_LITERAL_NULL_CONVERSION = YES;
				CLANG_WARN_OBJC_IMPLICIT_RETAIN_SELF = YES;
				CLANG_WARN_OBJC_LITERAL_CONVERSION = YES;
				CLANG_WARN_OBJC_ROOT_CLASS = YES_ERROR;
				CLANG_WARN_QUOTED_INCLUDE_IN_FRAMEWORK_HEADER = YES;
				CLANG_WARN_RANGE_LOOP_ANALYSIS = YES;
				CLANG_WARN_STRICT_PROTOTYPES = YES;
				CLANG_WARN_SUSPICIOUS_MOVE = YES;
				CLANG_WARN_UNGUARDED_AVAILABILITY = YES_AGGRESSIVE;
				CLANG_WARN_UNREACHABLE_CODE = YES;
				CLANG_WARN__DUPLICATE_METHOD_MATCH = YES;
				COPY_PHASE_STRIP = NO;
				DEBUG_INFORMATION_FORMAT = "dwarf-with-dsym";
				ENABLE_NS_ASSERTIONS = NO;
				ENABLE_STRICT_OBJC_MSGSEND = YES;
				ENABLE_USER_SCRIPT_SANDBOXING = YES;
				GCC_C_LANGUAGE_STANDARD = gnu17;
				GCC_NO_COMMON_BLOCKS = YES;
				GCC_WARN_64_TO_32_BIT_CONVERSION = YES;
				GCC_WARN_ABOUT_RETURN_TYPE = YES_ERROR;
				GCC_WARN_UNDECLARED_SELECTOR = YES;
				GCC_WARN_UNINITIALIZED_AUTOS = YES_AGGRESSIVE;
				GCC_WARN_UNUSED_FUNCTION = YES;
				GCC_WARN_UNUSED_VARIABLE = YES;
				IPHONEOS_DEPLOYMENT_TARGET = 17.5;
				LOCALIZATION_PREFERS_STRING_CATALOGS = YES;
				MTL_ENABLE_DEBUG_INFO = NO;
				MTL_FAST_MATH = YES;
				SDKROOT = iphoneos;
				SWIFT_COMPILATION_MODE = wholemodule;
				VALIDATE_PRODUCT = YES;
			};
			name = Release;
		};
		BD06327C2D22C1F000571AE1 /* Debug */ = {
			isa = XCBuildConfiguration;
			buildSettings = {
				ASSETCATALOG_COMPILER_APPICON_NAME = AppIcon;
				ASSETCATALOG_COMPILER_GLOBAL_ACCENT_COLOR_NAME = AccentColor;
				CODE_SIGN_STYLE = Automatic;
				CURRENT_PROJECT_VERSION = 1;
				DEVELOPMENT_ASSET_PATHS = "\"FoodApp/Preview Content\"";
				ENABLE_PREVIEWS = YES;
				GENERATE_INFOPLIST_FILE = YES;
				INFOPLIST_FILE = FoodApp/Info.plist;
				INFOPLIST_KEY_UIApplicationSceneManifest_Generation = YES;
				INFOPLIST_KEY_UIApplicationSupportsIndirectInputEvents = YES;
				INFOPLIST_KEY_UILaunchScreen_Generation = YES;
				INFOPLIST_KEY_UISupportedInterfaceOrientations_iPad = "UIInterfaceOrientationPortrait UIInterfaceOrientationPortraitUpsideDown UIInterfaceOrientationLandscapeLeft UIInterfaceOrientationLandscapeRight";
				INFOPLIST_KEY_UISupportedInterfaceOrientations_iPhone = "Portrait\\ (UIInterfaceOrientationPortrait)";
				INFOPLIST_KEY_UIUserInterfaceStyle = Light;
				IPHONEOS_DEPLOYMENT_TARGET = 16.0;
				LD_RUNPATH_SEARCH_PATHS = (
					"$(inherited)",
					"@executable_path/Frameworks",
				);
				MARKETING_VERSION = 1.0;
				PRODUCT_BUNDLE_IDENTIFIER = com.FoodApp;
				PRODUCT_NAME = "$(TARGET_NAME)";
				SWIFT_EMIT_LOC_STRINGS = YES;
				SWIFT_VERSION = 5.0;
				TARGETED_DEVICE_FAMILY = "1,2";
			};
			name = Debug;
		};
		BD06327D2D22C1F000571AE1 /* Release */ = {
			isa = XCBuildConfiguration;
			buildSettings = {
				ASSETCATALOG_COMPILER_APPICON_NAME = AppIcon;
				ASSETCATALOG_COMPILER_GLOBAL_ACCENT_COLOR_NAME = AccentColor;
				CODE_SIGN_STYLE = Automatic;
				CURRENT_PROJECT_VERSION = 1;
				DEVELOPMENT_ASSET_PATHS = "\"FoodApp/Preview Content\"";
				ENABLE_PREVIEWS = YES;
				GENERATE_INFOPLIST_FILE = YES;
				INFOPLIST_FILE = FoodApp/Info.plist;
				INFOPLIST_KEY_UIApplicationSceneManifest_Generation = YES;
				INFOPLIST_KEY_UIApplicationSupportsIndirectInputEvents = YES;
				INFOPLIST_KEY_UILaunchScreen_Generation = YES;
				INFOPLIST_KEY_UISupportedInterfaceOrientations_iPad = "UIInterfaceOrientationPortrait UIInterfaceOrientationPortraitUpsideDown UIInterfaceOrientationLandscapeLeft UIInterfaceOrientationLandscapeRight";
				INFOPLIST_KEY_UISupportedInterfaceOrientations_iPhone = "Portrait\\ (UIInterfaceOrientationPortrait)";
				INFOPLIST_KEY_UIUserInterfaceStyle = Light;
				IPHONEOS_DEPLOYMENT_TARGET = 16.0;
				LD_RUNPATH_SEARCH_PATHS = (
					"$(inherited)",
					"@executable_path/Frameworks",
				);
				MARKETING_VERSION = 1.0;
				PRODUCT_BUNDLE_IDENTIFIER = com.FoodApp;
				PRODUCT_NAME = "$(TARGET_NAME)";
				SWIFT_EMIT_LOC_STRINGS = YES;
				SWIFT_VERSION = 5.0;
				TARGETED_DEVICE_FAMILY = "1,2";
			};
			name = Release;
		};
/* End XCBuildConfiguration section */

/* Begin XCConfigurationList section */
		BD0632682D22C1EC00571AE1 /* Build configuration list for PBXProject "FoodApp" */ = {
			isa = XCConfigurationList;
			buildConfigurations = (
				BD0632792D22C1F000571AE1 /* Debug */,
				BD06327A2D22C1F000571AE1 /* Release */,
			);
			defaultConfigurationIsVisible = 0;
			defaultConfigurationName = Release;
		};
		BD06327B2D22C1F000571AE1 /* Build configuration list for PBXNativeTarget "FoodApp" */ = {
			isa = XCConfigurationList;
			buildConfigurations = (
				BD06327C2D22C1F000571AE1 /* Debug */,
				BD06327D2D22C1F000571AE1 /* Release */,
			);
			defaultConfigurationIsVisible = 0;
			defaultConfigurationName = Release;
		};
/* End XCConfigurationList section */
	};
	rootObject = BD0632652D22C1EC00571AE1 /* Project object */;
}
